# This file is automatically @generated by Poetry 1.8.2 and should not be changed by hand.

[[package]]
name = "atomicwrites"
version = "1.4.0"
description = "Atomic file writes."
optional = false
python-versions = ">=2.7, !=3.0.*, !=3.1.*, !=3.2.*, !=3.3.*"
files = [
    {file = "atomicwrites-1.4.0-py2.py3-none-any.whl", hash = "sha256:6d1784dea7c0c8d4a5172b6c620f40b6e4cbfdf96d783691f2e1302a7b88e197"},
    {file = "atomicwrites-1.4.0.tar.gz", hash = "sha256:ae70396ad1a434f9c7046fd2dd196fc04b12f9e91ffb859164193be8b6168a7a"},
]

[[package]]
name = "attrs"
version = "21.4.0"
description = "Classes Without Boilerplate"
optional = false
python-versions = ">=2.7, !=3.0.*, !=3.1.*, !=3.2.*, !=3.3.*, !=3.4.*"
files = [
    {file = "attrs-21.4.0-py2.py3-none-any.whl", hash = "sha256:2d27e3784d7a565d36ab851fe94887c5eccd6a463168875832a1be79c82828b4"},
    {file = "attrs-21.4.0.tar.gz", hash = "sha256:626ba8234211db98e869df76230a137c4c40a12d72445c45d5f5b716f076e2fd"},
]

[package.extras]
dev = ["cloudpickle", "coverage[toml] (>=5.0.2)", "furo", "hypothesis", "mypy", "pre-commit", "pympler", "pytest (>=4.3.0)", "pytest-mypy-plugins", "six", "sphinx", "sphinx-notfound-page", "zope.interface"]
docs = ["furo", "sphinx", "sphinx-notfound-page", "zope.interface"]
tests = ["cloudpickle", "coverage[toml] (>=5.0.2)", "hypothesis", "mypy", "pympler", "pytest (>=4.3.0)", "pytest-mypy-plugins", "six", "zope.interface"]
tests-no-zope = ["cloudpickle", "coverage[toml] (>=5.0.2)", "hypothesis", "mypy", "pympler", "pytest (>=4.3.0)", "pytest-mypy-plugins", "six"]

[[package]]
name = "black"
version = "21.12b0"
description = "The uncompromising code formatter."
optional = false
python-versions = ">=3.6.2"
files = [
    {file = "black-21.12b0-py3-none-any.whl", hash = "sha256:a615e69ae185e08fdd73e4715e260e2479c861b5740057fde6e8b4e3b7dd589f"},
    {file = "black-21.12b0.tar.gz", hash = "sha256:77b80f693a569e2e527958459634f18df9b0ba2625ba4e0c2d5da5be42e6f2b3"},
]

[package.dependencies]
click = ">=7.1.2"
mypy-extensions = ">=0.4.3"
pathspec = ">=0.9.0,<1"
platformdirs = ">=2"
tomli = ">=0.2.6,<2.0.0"
typed-ast = {version = ">=1.4.2", markers = "python_version < \"3.8\" and implementation_name == \"cpython\""}
typing-extensions = [
    {version = ">=3.10.0.0,<3.10.0.1 || >3.10.0.1", markers = "python_version >= \"3.10\""},
    {version = ">=3.10.0.0", markers = "python_version < \"3.10\""},
]

[package.extras]
colorama = ["colorama (>=0.4.3)"]
d = ["aiohttp (>=3.7.4)"]
jupyter = ["ipython (>=7.8.0)", "tokenize-rt (>=3.2.0)"]
python2 = ["typed-ast (>=1.4.3)"]
uvloop = ["uvloop (>=0.15.2)"]

[[package]]
name = "certifi"
version = "2022.12.7"
description = "Python package for providing Mozilla's CA Bundle."
optional = false
python-versions = ">=3.6"
files = [
    {file = "certifi-2022.12.7-py3-none-any.whl", hash = "sha256:4ad3232f5e926d6718ec31cfc1fcadfde020920e278684144551c91769c7bc18"},
    {file = "certifi-2022.12.7.tar.gz", hash = "sha256:35824b4c3a97115964b408844d64aa14db1cc518f6562e8d7261699d1350a9e3"},
]

[[package]]
name = "charset-normalizer"
version = "2.0.12"
description = "The Real First Universal Charset Detector. Open, modern and actively maintained alternative to Chardet."
optional = false
python-versions = ">=3.5.0"
files = [
    {file = "charset-normalizer-2.0.12.tar.gz", hash = "sha256:2857e29ff0d34db842cd7ca3230549d1a697f96ee6d3fb071cfa6c7393832597"},
    {file = "charset_normalizer-2.0.12-py3-none-any.whl", hash = "sha256:6881edbebdb17b39b4eaaa821b438bf6eddffb4468cf344f09f89def34a8b1df"},
]

[package.extras]
unicode-backport = ["unicodedata2"]

[[package]]
name = "click"
version = "8.0.4"
description = "Composable command line interface toolkit"
optional = false
python-versions = ">=3.6"
files = [
    {file = "click-8.0.4-py3-none-any.whl", hash = "sha256:6a7a62563bbfabfda3a38f3023a1db4a35978c0abd76f6c9605ecd6554d6d9b1"},
    {file = "click-8.0.4.tar.gz", hash = "sha256:8458d7b1287c5fb128c90e23381cf99dcde74beaf6c7ff6384ce84d6fe090adb"},
]

[package.dependencies]
colorama = {version = "*", markers = "platform_system == \"Windows\""}
importlib-metadata = {version = "*", markers = "python_version < \"3.8\""}

[[package]]
name = "colorama"
version = "0.4.4"
description = "Cross-platform colored terminal text."
optional = false
python-versions = ">=2.7, !=3.0.*, !=3.1.*, !=3.2.*, !=3.3.*, !=3.4.*"
files = [
    {file = "colorama-0.4.4-py2.py3-none-any.whl", hash = "sha256:9f47eda37229f68eee03b24b9748937c7dc3868f906e8ba69fbcbdd3bc5dc3e2"},
    {file = "colorama-0.4.4.tar.gz", hash = "sha256:5941b2b48a20143d2267e95b1c2a7603ce057ee39fd88e7329b0c292aa16869b"},
]

[[package]]
name = "contextvars"
version = "2.4"
description = "PEP 567 Backport"
optional = false
python-versions = "*"
files = [
    {file = "contextvars-2.4.tar.gz", hash = "sha256:f38c908aaa59c14335eeea12abea5f443646216c4e29380d7bf34d2018e2c39e"},
]

[package.dependencies]
immutables = ">=0.9"

[[package]]
name = "deepdiff"
version = "5.7.0"
description = "Deep Difference and Search of any Python object/data."
optional = false
python-versions = ">=3.6"
files = [
    {file = "deepdiff-5.7.0-py3-none-any.whl", hash = "sha256:1ffb38c3b5d9174eb2df95850c93aee55ec00e19396925036a2e680f725079e0"},
    {file = "deepdiff-5.7.0.tar.gz", hash = "sha256:838766484e323dcd9dec6955926a893a83767dc3f3f94542773e6aa096efe5d4"},
]

[package.dependencies]
ordered-set = "4.0.2"

[package.extras]
cli = ["clevercsv (==0.7.1)", "click (==8.0.3)", "pyyaml (==5.4.1)", "toml (==0.10.2)"]

[[package]]
name = "flake8"
version = "4.0.1"
description = "the modular source code checker: pep8 pyflakes and co"
optional = false
python-versions = ">=3.6"
files = [
    {file = "flake8-4.0.1-py2.py3-none-any.whl", hash = "sha256:479b1304f72536a55948cb40a32dce8bb0ffe3501e26eaf292c7e60eb5e0428d"},
    {file = "flake8-4.0.1.tar.gz", hash = "sha256:806e034dda44114815e23c16ef92f95c91e4c71100ff52813adf7132a6ad870d"},
]

[package.dependencies]
importlib-metadata = {version = "<4.3", markers = "python_version < \"3.8\""}
mccabe = ">=0.6.0,<0.7.0"
pycodestyle = ">=2.8.0,<2.9.0"
pyflakes = ">=2.4.0,<2.5.0"

[[package]]
name = "flake8-plugin-utils"
version = "1.3.2"
description = "The package provides base classes and utils for flake8 plugin writing"
optional = false
python-versions = ">=3.6,<4.0"
files = [
    {file = "flake8-plugin-utils-1.3.2.tar.gz", hash = "sha256:20fa2a8ca2decac50116edb42e6af0a1253ef639ad79941249b840531889c65a"},
    {file = "flake8_plugin_utils-1.3.2-py3-none-any.whl", hash = "sha256:1fe43e3e9acf3a7c0f6b88f5338cad37044d2f156c43cb6b080b5f9da8a76f06"},
]

[[package]]
name = "flake8-pytest-style"
version = "1.6.0"
description = "A flake8 plugin checking common style issues or inconsistencies with pytest-based tests."
optional = false
python-versions = ">=3.6.2,<4.0.0"
files = [
    {file = "flake8-pytest-style-1.6.0.tar.gz", hash = "sha256:c1175713e9e11b78cd1a035ed0bca0d1e41d09c4af329a952750b61d4194ddac"},
    {file = "flake8_pytest_style-1.6.0-py3-none-any.whl", hash = "sha256:5fedb371a950e9fe0e0e6bfc854be7d99151271208f34cd2cc517681ece27780"},
]

[package.dependencies]
flake8-plugin-utils = ">=1.3.2,<2.0.0"

[[package]]
name = "flake8-quotes"
version = "3.3.1"
description = "Flake8 lint for quotes."
optional = false
python-versions = "*"
files = [
    {file = "flake8-quotes-3.3.1.tar.gz", hash = "sha256:633adca6fb8a08131536af0d750b44d6985b9aba46f498871e21588c3e6f525a"},
]

[package.dependencies]
flake8 = "*"

[[package]]
name = "flake8-tidy-imports"
version = "4.6.0"
description = "A flake8 plugin that helps you write tidier imports."
optional = false
python-versions = ">=3.7"
files = [
    {file = "flake8-tidy-imports-4.6.0.tar.gz", hash = "sha256:3e193d8c4bb4492408a90e956d888b27eed14c698387c9b38230da3dad78058f"},
    {file = "flake8_tidy_imports-4.6.0-py3-none-any.whl", hash = "sha256:6ae9f55d628156e19d19f4c359dd5d3e95431a9bd514f5e2748c53c1398c66b2"},
]

[package.dependencies]
flake8 = ">=3.8.0"
importlib-metadata = {version = "*", markers = "python_version < \"3.8\""}

[[package]]
name = "idna"
version = "3.3"
description = "Internationalized Domain Names in Applications (IDNA)"
optional = false
python-versions = ">=3.5"
files = [
    {file = "idna-3.3-py3-none-any.whl", hash = "sha256:84d9dd047ffa80596e0f246e2eab0b391788b0503584e8945f2368256d2735ff"},
    {file = "idna-3.3.tar.gz", hash = "sha256:9d643ff0a55b762d5cdb124b8eaa99c66322e2157b69160bc32796e824360e6d"},
]

[[package]]
name = "immutables"
version = "0.19"
description = "Immutable Collections"
optional = false
python-versions = ">=3.6"
files = [
    {file = "immutables-0.19-cp310-cp310-macosx_10_9_universal2.whl", hash = "sha256:fef6743f8c3098ae46d9a2a3606b04a91c62e216487d91e90ce5c7419da3f803"},
    {file = "immutables-0.19-cp310-cp310-macosx_10_9_x86_64.whl", hash = "sha256:cfb62119b7302a37cb4a1db44234dab9acda60ba93e3c28489969722e85237b7"},
    {file = "immutables-0.19-cp310-cp310-manylinux_2_17_aarch64.manylinux2014_aarch64.whl", hash = "sha256:1d55b886e92ef5abfc4b066f404d956ca5789a2f8f738d448300fba40930a631"},
    {file = "immutables-0.19-cp310-cp310-manylinux_2_5_x86_64.manylinux1_x86_64.manylinux_2_17_x86_64.manylinux2014_x86_64.whl", hash = "sha256:40f1c3ab3ae690a55a2f61039705a110f0e23717d6d8a62a84600fc7cf5934dc"},
    {file = "immutables-0.19-cp310-cp310-musllinux_1_1_aarch64.whl", hash = "sha256:f3096afb376b9b3651a3b92affd1896b4dcefde209f412572f7e3924f6749a49"},
    {file = "immutables-0.19-cp310-cp310-musllinux_1_1_x86_64.whl", hash = "sha256:85bcb5a7c33100c1b2eeb8c71e5f80acab4c9dde074b2c2ca8e3dfb6830ce813"},
    {file = "immutables-0.19-cp310-cp310-win_amd64.whl", hash = "sha256:620c166e76030ca4772ea64e5190f8347a730a0af85b743820d351f211004397"},
    {file = "immutables-0.19-cp311-cp311-macosx_10_9_universal2.whl", hash = "sha256:c1774f298db9d460e50c40dfc9cfe7dd8a0de22c22f1de9a1f9a468daa1201dc"},
    {file = "immutables-0.19-cp311-cp311-macosx_10_9_x86_64.whl", hash = "sha256:24dbdc28779a2b75e06224609f4fc850ba61b7e1b74e32ec808c6430a535be2d"},
    {file = "immutables-0.19-cp311-cp311-manylinux_2_17_aarch64.manylinux2014_aarch64.whl", hash = "sha256:9b8c0a4264e3ba2f025f4517ce67f0d0869106a625dbda08758cbf4dd6b6dd1f"},
    {file = "immutables-0.19-cp311-cp311-manylinux_2_5_x86_64.manylinux1_x86_64.manylinux_2_17_x86_64.manylinux2014_x86_64.whl", hash = "sha256:28d1ee66424c2db998d27ebe0a331c7e09627e54a402848b2897cb6ef4dc4d7e"},
    {file = "immutables-0.19-cp311-cp311-musllinux_1_1_aarch64.whl", hash = "sha256:6f857aec0e0455986fd1f41234c867c3daf5a89ff7f54d493d4eb3c233d36d3c"},
    {file = "immutables-0.19-cp311-cp311-musllinux_1_1_x86_64.whl", hash = "sha256:119c60a05cb35add45c1e592e23a5cbb9db03161bb89d1596b920d9341173982"},
    {file = "immutables-0.19-cp311-cp311-win_amd64.whl", hash = "sha256:3fbad255e404b4cbcf3477b384a1e400bd8f28cbbfc2df8d3885abe3bfc7b909"},
    {file = "immutables-0.19-cp36-cp36m-macosx_10_9_x86_64.whl", hash = "sha256:6660e185354a1cb59ecc130f2b85b50d666d4417be668ce6ba83d4be79f55d34"},
    {file = "immutables-0.19-cp36-cp36m-manylinux_2_17_aarch64.manylinux2014_aarch64.whl", hash = "sha256:37de95c1d79707d95f50d0ab79e067bee52381afc967ff031ac4c822c14f43a8"},
    {file = "immutables-0.19-cp36-cp36m-manylinux_2_5_x86_64.manylinux1_x86_64.manylinux_2_17_x86_64.manylinux2014_x86_64.whl", hash = "sha256:ed61dbc963251bec7281cdb0c148176bbd70519d21fd05bce4c484632cdc3b2c"},
    {file = "immutables-0.19-cp36-cp36m-musllinux_1_1_aarch64.whl", hash = "sha256:7da9356a163993e01785a211b47c6a0038b48d1235b68479a0053c2c4c3cf666"},
    {file = "immutables-0.19-cp36-cp36m-musllinux_1_1_x86_64.whl", hash = "sha256:41d8cae52ea527f9c6dccdf1e1553106c482496acc140523034f91877ccbc103"},
    {file = "immutables-0.19-cp36-cp36m-win_amd64.whl", hash = "sha256:e95f0826f184920adb3cdf830f409f1c1d4e943e4dc50242538c4df9d51eea72"},
    {file = "immutables-0.19-cp37-cp37m-macosx_10_9_x86_64.whl", hash = "sha256:50608784e33c88da8c0e06e75f6725865cf2e345c8f3eeb83cb85111f737e986"},
    {file = "immutables-0.19-cp37-cp37m-manylinux_2_17_aarch64.manylinux2014_aarch64.whl", hash = "sha256:1cbd4d9dc531ee24b2387141a5968e923bb6174d13695e730cde0887aadda557"},
    {file = "immutables-0.19-cp37-cp37m-manylinux_2_5_x86_64.manylinux1_x86_64.manylinux_2_17_x86_64.manylinux2014_x86_64.whl", hash = "sha256:eed8988dc4ebde8d527dbe4dea68cb9fe6d43bc56df60d6015130dc4abd2ab34"},
    {file = "immutables-0.19-cp37-cp37m-musllinux_1_1_aarch64.whl", hash = "sha256:c830c9afc6fcb4a7d6d74230d6290987e664418026a15488ad00d8a3dc5ec743"},
    {file = "immutables-0.19-cp37-cp37m-musllinux_1_1_x86_64.whl", hash = "sha256:7c6cce2e87cd5369234b199037631cfed08e43813a1fdd750807d14404de195b"},
    {file = "immutables-0.19-cp37-cp37m-win_amd64.whl", hash = "sha256:10774f73af07b1648fa02f45f6ff88b3391feda65d4f640159e6eeec10540ece"},
    {file = "immutables-0.19-cp38-cp38-macosx_10_9_universal2.whl", hash = "sha256:a208a945ea817b1455b5b0f9c33c097baf6443b50d749a3dc32ff445e41b81d2"},
    {file = "immutables-0.19-cp38-cp38-macosx_10_9_x86_64.whl", hash = "sha256:25a6225efb5e96fc95d84b2d280e35d8a82a1ae72a12857177d48cc289ac1e03"},
    {file = "immutables-0.19-cp38-cp38-manylinux_2_17_aarch64.manylinux2014_aarch64.whl", hash = "sha256:5c0cf0d94b08e58896acf250cbc4682499c8a256fc6d0ee5c63d76a759a6a228"},
    {file = "immutables-0.19-cp38-cp38-manylinux_2_5_x86_64.manylinux1_x86_64.manylinux_2_17_x86_64.manylinux2014_x86_64.whl", hash = "sha256:64c74c5171f3a97b178b880746743a07b08e7d7f6055370bf04a94d50aea0643"},
    {file = "immutables-0.19-cp38-cp38-musllinux_1_1_aarch64.whl", hash = "sha256:8ababf72ed2a956b28f151d605a7bb1d4e1c59113f53bf2be4a586da3977b319"},
    {file = "immutables-0.19-cp38-cp38-musllinux_1_1_x86_64.whl", hash = "sha256:52a91917c65e6b9cfef7a2d2c3b0e00432a153aa8650785b7ee0897d80226278"},
    {file = "immutables-0.19-cp38-cp38-win_amd64.whl", hash = "sha256:bbe65c23779e12e0ecc3dec2c709ad22b7cc8b163895327bc173ae06a8b73425"},
    {file = "immutables-0.19-cp39-cp39-macosx_10_9_universal2.whl", hash = "sha256:480cc5d62efcac66f9737ae0820acd39d39e516e6fdbcf46cbdc26f11b429fd7"},
    {file = "immutables-0.19-cp39-cp39-macosx_10_9_x86_64.whl", hash = "sha256:2d88ff44e131508def4740964076c3da273baeeb406c1fe139f18373ea4196dd"},
    {file = "immutables-0.19-cp39-cp39-manylinux_2_17_aarch64.manylinux2014_aarch64.whl", hash = "sha256:7fa3148393101b0c4571da523929ae90a5b4bfc933c270a11b802a34a921c608"},
    {file = "immutables-0.19-cp39-cp39-manylinux_2_5_x86_64.manylinux1_x86_64.manylinux_2_17_x86_64.manylinux2014_x86_64.whl", hash = "sha256:0575190a90c3fce6862ccdb09be3344741ff97a96e559893541886d372139f1c"},
    {file = "immutables-0.19-cp39-cp39-musllinux_1_1_aarch64.whl", hash = "sha256:3754b26ef18b5d1009ffdeafc17fbd877a79f0a126e1423069bd8ef51c54302d"},
    {file = "immutables-0.19-cp39-cp39-musllinux_1_1_x86_64.whl", hash = "sha256:648142e16d49f5207ae52ee1b28dfa148206471967b9c9eaa5a9592fd32d5cef"},
    {file = "immutables-0.19-cp39-cp39-win_amd64.whl", hash = "sha256:199db9070ffa1a037e6650ddd63159907a210e4998f932bdf50e70615629db0c"},
    {file = "immutables-0.19.tar.gz", hash = "sha256:df17942d60e8080835fcc5245aa6928ef4c1ed567570ec019185798195048dcf"},
]

[package.dependencies]
typing-extensions = {version = ">=3.7.4.3", markers = "python_version < \"3.8\""}

[package.extras]
test = ["flake8 (>=5.0.4,<5.1.0)", "mypy (==0.971)", "pycodestyle (>=2.9.1,<2.10.0)", "pytest (>=6.2.4,<6.3.0)"]

[[package]]
name = "importlib-metadata"
version = "4.2.0"
description = "Read metadata from Python packages"
optional = false
python-versions = ">=3.6"
files = [
    {file = "importlib_metadata-4.2.0-py3-none-any.whl", hash = "sha256:057e92c15bc8d9e8109738a48db0ccb31b4d9d5cfbee5a8670879a30be66304b"},
    {file = "importlib_metadata-4.2.0.tar.gz", hash = "sha256:b7e52a1f8dec14a75ea73e0891f3060099ca1d8e6a462a4dff11c3e119ea1b31"},
]

[package.dependencies]
typing-extensions = {version = ">=3.6.4", markers = "python_version < \"3.8\""}
zipp = ">=0.5"

[package.extras]
docs = ["jaraco.packaging (>=8.2)", "rst.linker (>=1.9)", "sphinx"]
testing = ["flufl.flake8", "importlib-resources (>=1.3)", "packaging", "pep517", "pyfakefs", "pytest (>=4.6)", "pytest-black (>=0.3.7)", "pytest-checkdocs (>=2.4)", "pytest-cov", "pytest-enabler (>=1.0.1)", "pytest-flake8", "pytest-mypy"]

[[package]]
name = "iniconfig"
version = "1.1.1"
description = "iniconfig: brain-dead simple config-ini parsing"
optional = false
python-versions = "*"
files = [
    {file = "iniconfig-1.1.1-py2.py3-none-any.whl", hash = "sha256:011e24c64b7f47f6ebd835bb12a743f2fbe9a26d4cecaa7f53bc4f35ee9da8b3"},
    {file = "iniconfig-1.1.1.tar.gz", hash = "sha256:bc3af051d7d14b2ee5ef9969666def0cd1a000e121eaea580d4a313df4b37f32"},
]

[[package]]
name = "isort"
version = "5.10.1"
description = "A Python utility / library to sort Python imports."
optional = false
python-versions = ">=3.6.1,<4.0"
files = [
    {file = "isort-5.10.1-py3-none-any.whl", hash = "sha256:6f62d78e2f89b4500b080fe3a81690850cd254227f27f75c3a0c491a1f351ba7"},
    {file = "isort-5.10.1.tar.gz", hash = "sha256:e8443a5e7a020e9d7f97f1d7d9cd17c88bcb3bc7e218bf9cf5095fe550be2951"},
]

[package.extras]
colors = ["colorama (>=0.4.3,<0.5.0)"]
pipfile-deprecated-finder = ["pipreqs", "requirementslib"]
plugins = ["setuptools"]
requirements-deprecated-finder = ["pip-api", "pipreqs"]

[[package]]
name = "mccabe"
version = "0.6.1"
description = "McCabe checker, plugin for flake8"
optional = false
python-versions = "*"
files = [
    {file = "mccabe-0.6.1-py2.py3-none-any.whl", hash = "sha256:ab8a6258860da4b6677da4bd2fe5dc2c659cff31b3ee4f7f5d64e79735b80d42"},
    {file = "mccabe-0.6.1.tar.gz", hash = "sha256:dd8d182285a0fe56bace7f45b5e7d1a6ebcbf524e8f3bd87eb0f125271b8831f"},
]

[[package]]
name = "mypy-extensions"
version = "0.4.3"
description = "Experimental type system extensions for programs checked with the mypy typechecker."
optional = false
python-versions = "*"
files = [
    {file = "mypy_extensions-0.4.3-py2.py3-none-any.whl", hash = "sha256:090fedd75945a69ae91ce1303b5824f428daf5a028d2f6ab8a299250a846f15d"},
    {file = "mypy_extensions-0.4.3.tar.gz", hash = "sha256:2d82818f5bb3e369420cb3c4060a7970edba416647068eb4c5343488a6c604a8"},
]

[[package]]
name = "ordered-set"
version = "4.0.2"
description = "A set that remembers its order, and allows looking up its items by their index in that order."
optional = false
python-versions = ">=3.5"
files = [
    {file = "ordered-set-4.0.2.tar.gz", hash = "sha256:ba93b2df055bca202116ec44b9bead3df33ea63a7d5827ff8e16738b97f33a95"},
]

[[package]]
name = "packaging"
version = "21.3"
description = "Core utilities for Python packages"
optional = false
python-versions = ">=3.6"
files = [
    {file = "packaging-21.3-py3-none-any.whl", hash = "sha256:ef103e05f519cdc783ae24ea4e2e0f508a9c99b2d4969652eed6a2e1ea5bd522"},
    {file = "packaging-21.3.tar.gz", hash = "sha256:dd47c42927d89ab911e606518907cc2d3a1f38bbd026385970643f9c5b8ecfeb"},
]

[package.dependencies]
pyparsing = ">=2.0.2,<3.0.5 || >3.0.5"

[[package]]
name = "pathspec"
version = "0.9.0"
description = "Utility library for gitignore style pattern matching of file paths."
optional = false
python-versions = "!=3.0.*,!=3.1.*,!=3.2.*,!=3.3.*,!=3.4.*,>=2.7"
files = [
    {file = "pathspec-0.9.0-py2.py3-none-any.whl", hash = "sha256:7d15c4ddb0b5c802d161efc417ec1a2558ea2653c2e8ad9c19098201dc1c993a"},
    {file = "pathspec-0.9.0.tar.gz", hash = "sha256:e564499435a2673d586f6b2130bb5b95f04a3ba06f81b8f895b651a3c76aabb1"},
]

[[package]]
name = "platformdirs"
version = "2.5.1"
description = "A small Python module for determining appropriate platform-specific dirs, e.g. a \"user data dir\"."
optional = false
python-versions = ">=3.7"
files = [
    {file = "platformdirs-2.5.1-py3-none-any.whl", hash = "sha256:bcae7cab893c2d310a711b70b24efb93334febe65f8de776ee320b517471e227"},
    {file = "platformdirs-2.5.1.tar.gz", hash = "sha256:7535e70dfa32e84d4b34996ea99c5e432fa29a708d0f4e394bbcb2a8faa4f16d"},
]

[package.extras]
docs = ["Sphinx (>=4)", "furo (>=2021.7.5b38)", "proselint (>=0.10.2)", "sphinx-autodoc-typehints (>=1.12)"]
test = ["appdirs (==1.4.4)", "pytest (>=6)", "pytest-cov (>=2.7)", "pytest-mock (>=3.6)"]

[[package]]
name = "pluggy"
version = "1.0.0"
description = "plugin and hook calling mechanisms for python"
optional = false
python-versions = ">=3.6"
files = [
    {file = "pluggy-1.0.0-py2.py3-none-any.whl", hash = "sha256:74134bbf457f031a36d68416e1509f34bd5ccc019f0bcc952c7b909d06b37bd3"},
    {file = "pluggy-1.0.0.tar.gz", hash = "sha256:4224373bacce55f955a878bf9cfa763c1e360858e330072059e10bad68531159"},
]

[package.dependencies]
importlib-metadata = {version = ">=0.12", markers = "python_version < \"3.8\""}

[package.extras]
dev = ["pre-commit", "tox"]
testing = ["pytest", "pytest-benchmark"]

[[package]]
name = "py"
version = "1.11.0"
description = "library with cross-python path, ini-parsing, io, code, log facilities"
optional = false
python-versions = ">=2.7, !=3.0.*, !=3.1.*, !=3.2.*, !=3.3.*, !=3.4.*"
files = [
    {file = "py-1.11.0-py2.py3-none-any.whl", hash = "sha256:607c53218732647dff4acdfcd50cb62615cedf612e72d1724fb1a0cc6405b378"},
    {file = "py-1.11.0.tar.gz", hash = "sha256:51c75c4126074b472f746a24399ad32f6053d1b34b68d2fa41e558e6f4a98719"},
]

[[package]]
name = "pycodestyle"
version = "2.8.0"
description = "Python style guide checker"
optional = false
python-versions = ">=2.7, !=3.0.*, !=3.1.*, !=3.2.*, !=3.3.*, !=3.4.*"
files = [
    {file = "pycodestyle-2.8.0-py2.py3-none-any.whl", hash = "sha256:720f8b39dde8b293825e7ff02c475f3077124006db4f440dcbc9a20b76548a20"},
    {file = "pycodestyle-2.8.0.tar.gz", hash = "sha256:eddd5847ef438ea1c7870ca7eb78a9d47ce0cdb4851a5523949f2601d0cbbe7f"},
]

[[package]]
name = "pydantic"
version = "1.10.13"
description = "Data validation and settings management using python type hints"
optional = false
python-versions = ">=3.7"
files = [
    {file = "pydantic-1.10.13-cp310-cp310-macosx_10_9_x86_64.whl", hash = "sha256:efff03cc7a4f29d9009d1c96ceb1e7a70a65cfe86e89d34e4a5f2ab1e5693737"},
    {file = "pydantic-1.10.13-cp310-cp310-macosx_11_0_arm64.whl", hash = "sha256:3ecea2b9d80e5333303eeb77e180b90e95eea8f765d08c3d278cd56b00345d01"},
    {file = "pydantic-1.10.13-cp310-cp310-manylinux_2_17_x86_64.manylinux2014_x86_64.whl", hash = "sha256:1740068fd8e2ef6eb27a20e5651df000978edce6da6803c2bef0bc74540f9548"},
    {file = "pydantic-1.10.13-cp310-cp310-manylinux_2_5_i686.manylinux1_i686.manylinux_2_17_i686.manylinux2014_i686.whl", hash = "sha256:84bafe2e60b5e78bc64a2941b4c071a4b7404c5c907f5f5a99b0139781e69ed8"},
    {file = "pydantic-1.10.13-cp310-cp310-musllinux_1_1_i686.whl", hash = "sha256:bc0898c12f8e9c97f6cd44c0ed70d55749eaf783716896960b4ecce2edfd2d69"},
    {file = "pydantic-1.10.13-cp310-cp310-musllinux_1_1_x86_64.whl", hash = "sha256:654db58ae399fe6434e55325a2c3e959836bd17a6f6a0b6ca8107ea0571d2e17"},
    {file = "pydantic-1.10.13-cp310-cp310-win_amd64.whl", hash = "sha256:75ac15385a3534d887a99c713aa3da88a30fbd6204a5cd0dc4dab3d770b9bd2f"},
    {file = "pydantic-1.10.13-cp311-cp311-macosx_10_9_x86_64.whl", hash = "sha256:c553f6a156deb868ba38a23cf0df886c63492e9257f60a79c0fd8e7173537653"},
    {file = "pydantic-1.10.13-cp311-cp311-macosx_11_0_arm64.whl", hash = "sha256:5e08865bc6464df8c7d61439ef4439829e3ab62ab1669cddea8dd00cd74b9ffe"},
    {file = "pydantic-1.10.13-cp311-cp311-manylinux_2_17_x86_64.manylinux2014_x86_64.whl", hash = "sha256:e31647d85a2013d926ce60b84f9dd5300d44535a9941fe825dc349ae1f760df9"},
    {file = "pydantic-1.10.13-cp311-cp311-manylinux_2_5_i686.manylinux1_i686.manylinux_2_17_i686.manylinux2014_i686.whl", hash = "sha256:210ce042e8f6f7c01168b2d84d4c9eb2b009fe7bf572c2266e235edf14bacd80"},
    {file = "pydantic-1.10.13-cp311-cp311-musllinux_1_1_i686.whl", hash = "sha256:8ae5dd6b721459bfa30805f4c25880e0dd78fc5b5879f9f7a692196ddcb5a580"},
    {file = "pydantic-1.10.13-cp311-cp311-musllinux_1_1_x86_64.whl", hash = "sha256:f8e81fc5fb17dae698f52bdd1c4f18b6ca674d7068242b2aff075f588301bbb0"},
    {file = "pydantic-1.10.13-cp311-cp311-win_amd64.whl", hash = "sha256:61d9dce220447fb74f45e73d7ff3b530e25db30192ad8d425166d43c5deb6df0"},
    {file = "pydantic-1.10.13-cp37-cp37m-macosx_10_9_x86_64.whl", hash = "sha256:4b03e42ec20286f052490423682016fd80fda830d8e4119f8ab13ec7464c0132"},
    {file = "pydantic-1.10.13-cp37-cp37m-manylinux_2_17_x86_64.manylinux2014_x86_64.whl", hash = "sha256:f59ef915cac80275245824e9d771ee939133be38215555e9dc90c6cb148aaeb5"},
    {file = "pydantic-1.10.13-cp37-cp37m-manylinux_2_5_i686.manylinux1_i686.manylinux_2_17_i686.manylinux2014_i686.whl", hash = "sha256:5a1f9f747851338933942db7af7b6ee8268568ef2ed86c4185c6ef4402e80ba8"},
    {file = "pydantic-1.10.13-cp37-cp37m-musllinux_1_1_i686.whl", hash = "sha256:97cce3ae7341f7620a0ba5ef6cf043975cd9d2b81f3aa5f4ea37928269bc1b87"},
    {file = "pydantic-1.10.13-cp37-cp37m-musllinux_1_1_x86_64.whl", hash = "sha256:854223752ba81e3abf663d685f105c64150873cc6f5d0c01d3e3220bcff7d36f"},
    {file = "pydantic-1.10.13-cp37-cp37m-win_amd64.whl", hash = "sha256:b97c1fac8c49be29486df85968682b0afa77e1b809aff74b83081cc115e52f33"},
    {file = "pydantic-1.10.13-cp38-cp38-macosx_10_9_x86_64.whl", hash = "sha256:c958d053453a1c4b1c2062b05cd42d9d5c8eb67537b8d5a7e3c3032943ecd261"},
    {file = "pydantic-1.10.13-cp38-cp38-macosx_11_0_arm64.whl", hash = "sha256:4c5370a7edaac06daee3af1c8b1192e305bc102abcbf2a92374b5bc793818599"},
    {file = "pydantic-1.10.13-cp38-cp38-manylinux_2_17_x86_64.manylinux2014_x86_64.whl", hash = "sha256:7d6f6e7305244bddb4414ba7094ce910560c907bdfa3501e9db1a7fd7eaea127"},
    {file = "pydantic-1.10.13-cp38-cp38-manylinux_2_5_i686.manylinux1_i686.manylinux_2_17_i686.manylinux2014_i686.whl", hash = "sha256:d3a3c792a58e1622667a2837512099eac62490cdfd63bd407993aaf200a4cf1f"},
    {file = "pydantic-1.10.13-cp38-cp38-musllinux_1_1_i686.whl", hash = "sha256:c636925f38b8db208e09d344c7aa4f29a86bb9947495dd6b6d376ad10334fb78"},
    {file = "pydantic-1.10.13-cp38-cp38-musllinux_1_1_x86_64.whl", hash = "sha256:678bcf5591b63cc917100dc50ab6caebe597ac67e8c9ccb75e698f66038ea953"},
    {file = "pydantic-1.10.13-cp38-cp38-win_amd64.whl", hash = "sha256:6cf25c1a65c27923a17b3da28a0bdb99f62ee04230c931d83e888012851f4e7f"},
    {file = "pydantic-1.10.13-cp39-cp39-macosx_10_9_x86_64.whl", hash = "sha256:8ef467901d7a41fa0ca6db9ae3ec0021e3f657ce2c208e98cd511f3161c762c6"},
    {file = "pydantic-1.10.13-cp39-cp39-macosx_11_0_arm64.whl", hash = "sha256:968ac42970f57b8344ee08837b62f6ee6f53c33f603547a55571c954a4225691"},
    {file = "pydantic-1.10.13-cp39-cp39-manylinux_2_17_x86_64.manylinux2014_x86_64.whl", hash = "sha256:9849f031cf8a2f0a928fe885e5a04b08006d6d41876b8bbd2fc68a18f9f2e3fd"},
    {file = "pydantic-1.10.13-cp39-cp39-manylinux_2_5_i686.manylinux1_i686.manylinux_2_17_i686.manylinux2014_i686.whl", hash = "sha256:56e3ff861c3b9c6857579de282ce8baabf443f42ffba355bf070770ed63e11e1"},
    {file = "pydantic-1.10.13-cp39-cp39-musllinux_1_1_i686.whl", hash = "sha256:9f00790179497767aae6bcdc36355792c79e7bbb20b145ff449700eb076c5f96"},
    {file = "pydantic-1.10.13-cp39-cp39-musllinux_1_1_x86_64.whl", hash = "sha256:75b297827b59bc229cac1a23a2f7a4ac0031068e5be0ce385be1462e7e17a35d"},
    {file = "pydantic-1.10.13-cp39-cp39-win_amd64.whl", hash = "sha256:e70ca129d2053fb8b728ee7d1af8e553a928d7e301a311094b8a0501adc8763d"},
    {file = "pydantic-1.10.13-py3-none-any.whl", hash = "sha256:b87326822e71bd5f313e7d3bfdc77ac3247035ac10b0c0618bd99dcf95b1e687"},
    {file = "pydantic-1.10.13.tar.gz", hash = "sha256:32c8b48dcd3b2ac4e78b0ba4af3a2c2eb6048cb75202f0ea7b34feb740efc340"},
]

[package.dependencies]
typing-extensions = ">=4.2.0"

[package.extras]
dotenv = ["python-dotenv (>=0.10.4)"]
email = ["email-validator (>=1.0.3)"]

[[package]]
name = "pydocstyle"
version = "6.1.1"
description = "Python docstring style checker"
optional = false
python-versions = ">=3.6"
files = [
    {file = "pydocstyle-6.1.1-py3-none-any.whl", hash = "sha256:6987826d6775056839940041beef5c08cc7e3d71d63149b48e36727f70144dc4"},
    {file = "pydocstyle-6.1.1.tar.gz", hash = "sha256:1d41b7c459ba0ee6c345f2eb9ae827cab14a7533a88c5c6f7e94923f72df92dc"},
]

[package.dependencies]
snowballstemmer = "*"

[package.extras]
toml = ["toml"]

[[package]]
name = "pyflakes"
version = "2.4.0"
description = "passive checker of Python programs"
optional = false
python-versions = ">=2.7, !=3.0.*, !=3.1.*, !=3.2.*, !=3.3.*"
files = [
    {file = "pyflakes-2.4.0-py2.py3-none-any.whl", hash = "sha256:3bb3a3f256f4b7968c9c788781e4ff07dce46bdf12339dcda61053375426ee2e"},
    {file = "pyflakes-2.4.0.tar.gz", hash = "sha256:05a85c2872edf37a4ed30b0cce2f6093e1d0581f8c19d7393122da7e25b2b24c"},
]

[[package]]
name = "pyparsing"
version = "3.0.7"
description = "Python parsing module"
optional = false
python-versions = ">=3.6"
files = [
    {file = "pyparsing-3.0.7-py3-none-any.whl", hash = "sha256:a6c06a88f252e6c322f65faf8f418b16213b51bdfaece0524c1c1bc30c63c484"},
    {file = "pyparsing-3.0.7.tar.gz", hash = "sha256:18ee9022775d270c55187733956460083db60b37d0d0fb357445f3094eed3eea"},
]

[package.extras]
diagrams = ["jinja2", "railroad-diagrams"]

[[package]]
name = "pytest"
version = "6.2.5"
description = "pytest: simple powerful testing with Python"
optional = false
python-versions = ">=3.6"
files = [
    {file = "pytest-6.2.5-py3-none-any.whl", hash = "sha256:7310f8d27bc79ced999e760ca304d69f6ba6c6649c0b60fb0e04a4a77cacc134"},
    {file = "pytest-6.2.5.tar.gz", hash = "sha256:131b36680866a76e6781d13f101efb86cf674ebb9762eb70d3082b6f29889e89"},
]

[package.dependencies]
atomicwrites = {version = ">=1.0", markers = "sys_platform == \"win32\""}
attrs = ">=19.2.0"
colorama = {version = "*", markers = "sys_platform == \"win32\""}
importlib-metadata = {version = ">=0.12", markers = "python_version < \"3.8\""}
iniconfig = "*"
packaging = "*"
pluggy = ">=0.12,<2.0"
py = ">=1.8.2"
toml = "*"

[package.extras]
testing = ["argcomplete", "hypothesis (>=3.56)", "mock", "nose", "requests", "xmlschema"]

[[package]]
name = "pyyaml"
version = "6.0"
description = "YAML parser and emitter for Python"
optional = false
python-versions = ">=3.6"
files = [
    {file = "PyYAML-6.0-cp310-cp310-macosx_10_9_x86_64.whl", hash = "sha256:d4db7c7aef085872ef65a8fd7d6d09a14ae91f691dec3e87ee5ee0539d516f53"},
    {file = "PyYAML-6.0-cp310-cp310-macosx_11_0_arm64.whl", hash = "sha256:9df7ed3b3d2e0ecfe09e14741b857df43adb5a3ddadc919a2d94fbdf78fea53c"},
    {file = "PyYAML-6.0-cp310-cp310-manylinux_2_17_aarch64.manylinux2014_aarch64.whl", hash = "sha256:77f396e6ef4c73fdc33a9157446466f1cff553d979bd00ecb64385760c6babdc"},
    {file = "PyYAML-6.0-cp310-cp310-manylinux_2_17_s390x.manylinux2014_s390x.whl", hash = "sha256:a80a78046a72361de73f8f395f1f1e49f956c6be882eed58505a15f3e430962b"},
    {file = "PyYAML-6.0-cp310-cp310-manylinux_2_5_x86_64.manylinux1_x86_64.manylinux_2_12_x86_64.manylinux2010_x86_64.whl", hash = "sha256:f84fbc98b019fef2ee9a1cb3ce93e3187a6df0b2538a651bfb890254ba9f90b5"},
    {file = "PyYAML-6.0-cp310-cp310-win32.whl", hash = "sha256:2cd5df3de48857ed0544b34e2d40e9fac445930039f3cfe4bcc592a1f836d513"},
    {file = "PyYAML-6.0-cp310-cp310-win_amd64.whl", hash = "sha256:daf496c58a8c52083df09b80c860005194014c3698698d1a57cbcfa182142a3a"},
    {file = "PyYAML-6.0-cp311-cp311-macosx_10_9_x86_64.whl", hash = "sha256:d4b0ba9512519522b118090257be113b9468d804b19d63c71dbcf4a48fa32358"},
    {file = "PyYAML-6.0-cp311-cp311-macosx_11_0_arm64.whl", hash = "sha256:81957921f441d50af23654aa6c5e5eaf9b06aba7f0a19c18a538dc7ef291c5a1"},
    {file = "PyYAML-6.0-cp311-cp311-manylinux_2_17_aarch64.manylinux2014_aarch64.whl", hash = "sha256:afa17f5bc4d1b10afd4466fd3a44dc0e245382deca5b3c353d8b757f9e3ecb8d"},
    {file = "PyYAML-6.0-cp311-cp311-manylinux_2_17_s390x.manylinux2014_s390x.whl", hash = "sha256:dbad0e9d368bb989f4515da330b88a057617d16b6a8245084f1b05400f24609f"},
    {file = "PyYAML-6.0-cp311-cp311-manylinux_2_17_x86_64.manylinux2014_x86_64.whl", hash = "sha256:432557aa2c09802be39460360ddffd48156e30721f5e8d917f01d31694216782"},
    {file = "PyYAML-6.0-cp311-cp311-win32.whl", hash = "sha256:bfaef573a63ba8923503d27530362590ff4f576c626d86a9fed95822a8255fd7"},
    {file = "PyYAML-6.0-cp311-cp311-win_amd64.whl", hash = "sha256:01b45c0191e6d66c470b6cf1b9531a771a83c1c4208272ead47a3ae4f2f603bf"},
    {file = "PyYAML-6.0-cp36-cp36m-macosx_10_9_x86_64.whl", hash = "sha256:897b80890765f037df3403d22bab41627ca8811ae55e9a722fd0392850ec4d86"},
    {file = "PyYAML-6.0-cp36-cp36m-manylinux_2_17_aarch64.manylinux2014_aarch64.whl", hash = "sha256:50602afada6d6cbfad699b0c7bb50d5ccffa7e46a3d738092afddc1f9758427f"},
    {file = "PyYAML-6.0-cp36-cp36m-manylinux_2_17_s390x.manylinux2014_s390x.whl", hash = "sha256:48c346915c114f5fdb3ead70312bd042a953a8ce5c7106d5bfb1a5254e47da92"},
    {file = "PyYAML-6.0-cp36-cp36m-manylinux_2_5_x86_64.manylinux1_x86_64.manylinux_2_12_x86_64.manylinux2010_x86_64.whl", hash = "sha256:98c4d36e99714e55cfbaaee6dd5badbc9a1ec339ebfc3b1f52e293aee6bb71a4"},
    {file = "PyYAML-6.0-cp36-cp36m-win32.whl", hash = "sha256:0283c35a6a9fbf047493e3a0ce8d79ef5030852c51e9d911a27badfde0605293"},
    {file = "PyYAML-6.0-cp36-cp36m-win_amd64.whl", hash = "sha256:07751360502caac1c067a8132d150cf3d61339af5691fe9e87803040dbc5db57"},
    {file = "PyYAML-6.0-cp37-cp37m-macosx_10_9_x86_64.whl", hash = "sha256:819b3830a1543db06c4d4b865e70ded25be52a2e0631ccd2f6a47a2822f2fd7c"},
    {file = "PyYAML-6.0-cp37-cp37m-manylinux_2_17_aarch64.manylinux2014_aarch64.whl", hash = "sha256:473f9edb243cb1935ab5a084eb238d842fb8f404ed2193a915d1784b5a6b5fc0"},
    {file = "PyYAML-6.0-cp37-cp37m-manylinux_2_17_s390x.manylinux2014_s390x.whl", hash = "sha256:0ce82d761c532fe4ec3f87fc45688bdd3a4c1dc5e0b4a19814b9009a29baefd4"},
    {file = "PyYAML-6.0-cp37-cp37m-manylinux_2_5_x86_64.manylinux1_x86_64.manylinux_2_12_x86_64.manylinux2010_x86_64.whl", hash = "sha256:231710d57adfd809ef5d34183b8ed1eeae3f76459c18fb4a0b373ad56bedcdd9"},
    {file = "PyYAML-6.0-cp37-cp37m-win32.whl", hash = "sha256:c5687b8d43cf58545ade1fe3e055f70eac7a5a1a0bf42824308d868289a95737"},
    {file = "PyYAML-6.0-cp37-cp37m-win_amd64.whl", hash = "sha256:d15a181d1ecd0d4270dc32edb46f7cb7733c7c508857278d3d378d14d606db2d"},
    {file = "PyYAML-6.0-cp38-cp38-macosx_10_9_x86_64.whl", hash = "sha256:0b4624f379dab24d3725ffde76559cff63d9ec94e1736b556dacdfebe5ab6d4b"},
    {file = "PyYAML-6.0-cp38-cp38-manylinux_2_17_aarch64.manylinux2014_aarch64.whl", hash = "sha256:213c60cd50106436cc818accf5baa1aba61c0189ff610f64f4a3e8c6726218ba"},
    {file = "PyYAML-6.0-cp38-cp38-manylinux_2_17_s390x.manylinux2014_s390x.whl", hash = "sha256:9fa600030013c4de8165339db93d182b9431076eb98eb40ee068700c9c813e34"},
    {file = "PyYAML-6.0-cp38-cp38-manylinux_2_5_x86_64.manylinux1_x86_64.manylinux_2_12_x86_64.manylinux2010_x86_64.whl", hash = "sha256:277a0ef2981ca40581a47093e9e2d13b3f1fbbeffae064c1d21bfceba2030287"},
    {file = "PyYAML-6.0-cp38-cp38-win32.whl", hash = "sha256:d4eccecf9adf6fbcc6861a38015c2a64f38b9d94838ac1810a9023a0609e1b78"},
    {file = "PyYAML-6.0-cp38-cp38-win_amd64.whl", hash = "sha256:1e4747bc279b4f613a09eb64bba2ba602d8a6664c6ce6396a4d0cd413a50ce07"},
    {file = "PyYAML-6.0-cp39-cp39-macosx_10_9_x86_64.whl", hash = "sha256:055d937d65826939cb044fc8c9b08889e8c743fdc6a32b33e2390f66013e449b"},
    {file = "PyYAML-6.0-cp39-cp39-macosx_11_0_arm64.whl", hash = "sha256:e61ceaab6f49fb8bdfaa0f92c4b57bcfbea54c09277b1b4f7ac376bfb7a7c174"},
    {file = "PyYAML-6.0-cp39-cp39-manylinux_2_17_aarch64.manylinux2014_aarch64.whl", hash = "sha256:d67d839ede4ed1b28a4e8909735fc992a923cdb84e618544973d7dfc71540803"},
    {file = "PyYAML-6.0-cp39-cp39-manylinux_2_17_s390x.manylinux2014_s390x.whl", hash = "sha256:cba8c411ef271aa037d7357a2bc8f9ee8b58b9965831d9e51baf703280dc73d3"},
    {file = "PyYAML-6.0-cp39-cp39-manylinux_2_5_x86_64.manylinux1_x86_64.manylinux_2_12_x86_64.manylinux2010_x86_64.whl", hash = "sha256:40527857252b61eacd1d9af500c3337ba8deb8fc298940291486c465c8b46ec0"},
    {file = "PyYAML-6.0-cp39-cp39-win32.whl", hash = "sha256:b5b9eccad747aabaaffbc6064800670f0c297e52c12754eb1d976c57e4f74dcb"},
    {file = "PyYAML-6.0-cp39-cp39-win_amd64.whl", hash = "sha256:b3d267842bf12586ba6c734f89d1f5b871df0273157918b0ccefa29deb05c21c"},
    {file = "PyYAML-6.0.tar.gz", hash = "sha256:68fb519c14306fec9720a2a5b45bc9f0c8d1b9c72adf45c37baedfcd949c35a2"},
]

[[package]]
name = "requests"
version = "2.27.1"
description = "Python HTTP for Humans."
optional = false
python-versions = ">=2.7, !=3.0.*, !=3.1.*, !=3.2.*, !=3.3.*, !=3.4.*, !=3.5.*"
files = [
    {file = "requests-2.27.1-py2.py3-none-any.whl", hash = "sha256:f22fa1e554c9ddfd16e6e41ac79759e17be9e492b3587efa038054674760e72d"},
    {file = "requests-2.27.1.tar.gz", hash = "sha256:68d7c56fd5a8999887728ef304a6d12edc7be74f1cfa47714fc8b414525c9a61"},
]

[package.dependencies]
certifi = ">=2017.4.17"
charset-normalizer = {version = ">=2.0.0,<2.1.0", markers = "python_version >= \"3\""}
idna = {version = ">=2.5,<4", markers = "python_version >= \"3\""}
urllib3 = ">=1.21.1,<1.27"

[package.extras]
socks = ["PySocks (>=1.5.6,!=1.5.7)", "win-inet-pton"]
use-chardet-on-py3 = ["chardet (>=3.0.2,<5)"]

[[package]]
name = "shortuuid"
version = "1.0.8"
description = "A generator library for concise, unambiguous and URL-safe UUIDs."
optional = false
python-versions = ">=3.5"
files = [
    {file = "shortuuid-1.0.8-py3-none-any.whl", hash = "sha256:44a7a86bcf24dbaba2e626cf80c779926b7c3a0d31a3a013e0d3cd1077707d23"},
    {file = "shortuuid-1.0.8.tar.gz", hash = "sha256:9435e87e5a64f3b92f7110c81f989a3b7bdb9358e22d2359829167da476cfc23"},
]

[[package]]
name = "snowballstemmer"
version = "2.2.0"
description = "This package provides 29 stemmers for 28 languages generated from Snowball algorithms."
optional = false
python-versions = "*"
files = [
    {file = "snowballstemmer-2.2.0-py2.py3-none-any.whl", hash = "sha256:c8e1716e83cc398ae16824e5572ae04e0d9fc2c6b985fb0f900f5f0c96ecba1a"},
    {file = "snowballstemmer-2.2.0.tar.gz", hash = "sha256:09b16deb8547d3412ad7b590689584cd0fe25ec8db3be37788be3810cbf19cb1"},
]

[[package]]
name = "toml"
version = "0.10.2"
description = "Python Library for Tom's Obvious, Minimal Language"
optional = false
python-versions = ">=2.6, !=3.0.*, !=3.1.*, !=3.2.*"
files = [
    {file = "toml-0.10.2-py2.py3-none-any.whl", hash = "sha256:806143ae5bfb6a3c6e736a764057db0e6a0e05e338b5630894a5f779cabb4f9b"},
    {file = "toml-0.10.2.tar.gz", hash = "sha256:b3bda1d108d5dd99f4a20d24d9c348e91c4db7ab1b749200bded2f839ccbe68f"},
]

[[package]]
name = "tomli"
version = "1.2.3"
description = "A lil' TOML parser"
optional = false
python-versions = ">=3.6"
files = [
    {file = "tomli-1.2.3-py3-none-any.whl", hash = "sha256:e3069e4be3ead9668e21cb9b074cd948f7b3113fd9c8bba083f48247aab8b11c"},
    {file = "tomli-1.2.3.tar.gz", hash = "sha256:05b6166bff487dc068d322585c7ea4ef78deed501cc124060e0f238e89a9231f"},
]

[[package]]
name = "typed-ast"
version = "1.5.2"
description = "a fork of Python 2 and 3 ast modules with type comment support"
optional = false
python-versions = ">=3.6"
files = [
    {file = "typed_ast-1.5.2-cp310-cp310-macosx_10_9_x86_64.whl", hash = "sha256:183b183b7771a508395d2cbffd6db67d6ad52958a5fdc99f450d954003900266"},
    {file = "typed_ast-1.5.2-cp310-cp310-macosx_11_0_arm64.whl", hash = "sha256:676d051b1da67a852c0447621fdd11c4e104827417bf216092ec3e286f7da596"},
    {file = "typed_ast-1.5.2-cp310-cp310-manylinux_2_17_aarch64.manylinux2014_aarch64.whl", hash = "sha256:bc2542e83ac8399752bc16e0b35e038bdb659ba237f4222616b4e83fb9654985"},
    {file = "typed_ast-1.5.2-cp310-cp310-manylinux_2_5_x86_64.manylinux1_x86_64.manylinux_2_12_x86_64.manylinux2010_x86_64.whl", hash = "sha256:74cac86cc586db8dfda0ce65d8bcd2bf17b58668dfcc3652762f3ef0e6677e76"},
    {file = "typed_ast-1.5.2-cp310-cp310-win_amd64.whl", hash = "sha256:18fe320f354d6f9ad3147859b6e16649a0781425268c4dde596093177660e71a"},
    {file = "typed_ast-1.5.2-cp36-cp36m-macosx_10_9_x86_64.whl", hash = "sha256:31d8c6b2df19a777bc8826770b872a45a1f30cfefcfd729491baa5237faae837"},
    {file = "typed_ast-1.5.2-cp36-cp36m-manylinux_2_17_aarch64.manylinux2014_aarch64.whl", hash = "sha256:963a0ccc9a4188524e6e6d39b12c9ca24cc2d45a71cfdd04a26d883c922b4b78"},
    {file = "typed_ast-1.5.2-cp36-cp36m-manylinux_2_5_x86_64.manylinux1_x86_64.manylinux_2_12_x86_64.manylinux2010_x86_64.whl", hash = "sha256:0eb77764ea470f14fcbb89d51bc6bbf5e7623446ac4ed06cbd9ca9495b62e36e"},
    {file = "typed_ast-1.5.2-cp36-cp36m-win_amd64.whl", hash = "sha256:294a6903a4d087db805a7656989f613371915fc45c8cc0ddc5c5a0a8ad9bea4d"},
    {file = "typed_ast-1.5.2-cp37-cp37m-macosx_10_9_x86_64.whl", hash = "sha256:26a432dc219c6b6f38be20a958cbe1abffcc5492821d7e27f08606ef99e0dffd"},
    {file = "typed_ast-1.5.2-cp37-cp37m-manylinux_2_17_aarch64.manylinux2014_aarch64.whl", hash = "sha256:c7407cfcad702f0b6c0e0f3e7ab876cd1d2c13b14ce770e412c0c4b9728a0f88"},
    {file = "typed_ast-1.5.2-cp37-cp37m-manylinux_2_5_x86_64.manylinux1_x86_64.manylinux_2_12_x86_64.manylinux2010_x86_64.whl", hash = "sha256:f30ddd110634c2d7534b2d4e0e22967e88366b0d356b24de87419cc4410c41b7"},
    {file = "typed_ast-1.5.2-cp37-cp37m-win_amd64.whl", hash = "sha256:8c08d6625bb258179b6e512f55ad20f9dfef019bbfbe3095247401e053a3ea30"},
    {file = "typed_ast-1.5.2-cp38-cp38-macosx_10_9_x86_64.whl", hash = "sha256:90904d889ab8e81a956f2c0935a523cc4e077c7847a836abee832f868d5c26a4"},
    {file = "typed_ast-1.5.2-cp38-cp38-macosx_11_0_arm64.whl", hash = "sha256:bbebc31bf11762b63bf61aaae232becb41c5bf6b3461b80a4df7e791fabb3aca"},
    {file = "typed_ast-1.5.2-cp38-cp38-manylinux_2_17_aarch64.manylinux2014_aarch64.whl", hash = "sha256:c29dd9a3a9d259c9fa19d19738d021632d673f6ed9b35a739f48e5f807f264fb"},
    {file = "typed_ast-1.5.2-cp38-cp38-manylinux_2_5_x86_64.manylinux1_x86_64.manylinux_2_12_x86_64.manylinux2010_x86_64.whl", hash = "sha256:58ae097a325e9bb7a684572d20eb3e1809802c5c9ec7108e85da1eb6c1a3331b"},
    {file = "typed_ast-1.5.2-cp38-cp38-win_amd64.whl", hash = "sha256:da0a98d458010bf4fe535f2d1e367a2e2060e105978873c04c04212fb20543f7"},
    {file = "typed_ast-1.5.2-cp39-cp39-macosx_10_9_x86_64.whl", hash = "sha256:33b4a19ddc9fc551ebabca9765d54d04600c4a50eda13893dadf67ed81d9a098"},
    {file = "typed_ast-1.5.2-cp39-cp39-macosx_11_0_arm64.whl", hash = "sha256:1098df9a0592dd4c8c0ccfc2e98931278a6c6c53cb3a3e2cf7e9ee3b06153344"},
    {file = "typed_ast-1.5.2-cp39-cp39-manylinux_2_17_aarch64.manylinux2014_aarch64.whl", hash = "sha256:42c47c3b43fe3a39ddf8de1d40dbbfca60ac8530a36c9b198ea5b9efac75c09e"},
    {file = "typed_ast-1.5.2-cp39-cp39-manylinux_2_5_x86_64.manylinux1_x86_64.manylinux_2_12_x86_64.manylinux2010_x86_64.whl", hash = "sha256:f290617f74a610849bd8f5514e34ae3d09eafd521dceaa6cf68b3f4414266d4e"},
    {file = "typed_ast-1.5.2-cp39-cp39-win_amd64.whl", hash = "sha256:df05aa5b241e2e8045f5f4367a9f6187b09c4cdf8578bb219861c4e27c443db5"},
    {file = "typed_ast-1.5.2.tar.gz", hash = "sha256:525a2d4088e70a9f75b08b3f87a51acc9cde640e19cc523c7e41aa355564ae27"},
]

[[package]]
name = "typing-extensions"
version = "4.7.1"
description = "Backported and Experimental Type Hints for Python 3.7+"
optional = false
python-versions = ">=3.7"
files = [
    {file = "typing_extensions-4.7.1-py3-none-any.whl", hash = "sha256:440d5dd3af93b060174bf433bccd69b0babc3b15b1a8dca43789fd7f61514b36"},
    {file = "typing_extensions-4.7.1.tar.gz", hash = "sha256:b75ddc264f0ba5615db7ba217daeb99701ad295353c45f9e95963337ceeeffb2"},
]

[[package]]
name = "urllib3"
version = "1.26.8"
description = "HTTP library with thread-safe connection pooling, file post, and more."
optional = false
python-versions = ">=2.7, !=3.0.*, !=3.1.*, !=3.2.*, !=3.3.*, !=3.4.*, <4"
files = [
    {file = "urllib3-1.26.8-py2.py3-none-any.whl", hash = "sha256:000ca7f471a233c2251c6c7023ee85305721bfdf18621ebff4fd17a8653427ed"},
    {file = "urllib3-1.26.8.tar.gz", hash = "sha256:0e7c33d9a63e7ddfcb86780aac87befc2fbddf46c58dbb487e0855f7ceec283c"},
]

[package.extras]
brotli = ["brotlipy (>=0.6.0)"]
secure = ["certifi", "cryptography (>=1.3.4)", "idna (>=2.0.0)", "ipaddress", "pyOpenSSL (>=0.14)"]
socks = ["PySocks (>=1.5.6,!=1.5.7,<2.0)"]

[[package]]
name = "zipp"
version = "3.7.0"
description = "Backport of pathlib-compatible object wrapper for zip files"
optional = false
python-versions = ">=3.7"
files = [
    {file = "zipp-3.7.0-py3-none-any.whl", hash = "sha256:b47250dd24f92b7dd6a0a8fc5244da14608f3ca90a5efcd37a3b1642fac9a375"},
    {file = "zipp-3.7.0.tar.gz", hash = "sha256:9f50f446828eb9d45b267433fd3e9da8d801f614129124863f9c51ebceafb87d"},
]

[package.extras]
docs = ["jaraco.packaging (>=8.2)", "rst.linker (>=1.9)", "sphinx"]
testing = ["func-timeout", "jaraco.itertools", "pytest (>=6)", "pytest-black (>=0.3.7)", "pytest-checkdocs (>=2.4)", "pytest-cov", "pytest-enabler (>=1.0.1)", "pytest-flake8", "pytest-mypy"]

[metadata]
lock-version = "2.0"
python-versions = ">=3.7,<3.11"
content-hash = "2df94fa2b6a7da02c5e7bf949fe080dab2ebf90fa8cecaa87054c5ca2b76e868"
