# This file is automatically @generated by Poetry 1.8.2 and should not be changed by hand.

[[package]]
name = "argo-workflow-tools"
version = "0.9.45"
description = "A suite of tools to ease ML pipeline development with Argo Workflows"
optional = false
python-versions = ">=3.7,<4.0"
files = [
    {file = "argo_workflow_tools-0.9.45-py3-none-any.whl", hash = "sha256:8daff430757b637e2176576cb261e30f2762416556870b0295436fdb68714d2a"},
]

[package.dependencies]
certifi = "<=2021.10.8"
contextvars = ">=2.4,<3.0"
pydantic = ">=1.7.4,<2.0.0"
PyYAML = ">=5.4"
requests = ">=2.26.0,<3.0.0"
shortuuid = ">=1.0.8,<2.0.0"
urllib3 = "*"

[[package]]
name = "atomicwrites"
version = "1.4.0"
description = "Atomic file writes."
optional = false
python-versions = ">=2.7, !=3.0.*, !=3.1.*, !=3.2.*, !=3.3.*"
files = [
    {file = "atomicwrites-1.4.0-py2.py3-none-any.whl", hash = "sha256:6d1784dea7c0c8d4a5172b6c620f40b6e4cbfdf96d783691f2e1302a7b88e197"},
    {file = "atomicwrites-1.4.0.tar.gz", hash = "sha256:ae70396ad1a434f9c7046fd2dd196fc04b12f9e91ffb859164193be8b6168a7a"},
]

[[package]]
name = "attrs"
version = "21.4.0"
description = "Classes Without Boilerplate"
optional = false
python-versions = ">=2.7, !=3.0.*, !=3.1.*, !=3.2.*, !=3.3.*, !=3.4.*"
files = [
    {file = "attrs-21.4.0-py2.py3-none-any.whl", hash = "sha256:2d27e3784d7a565d36ab851fe94887c5eccd6a463168875832a1be79c82828b4"},
    {file = "attrs-21.4.0.tar.gz", hash = "sha256:626ba8234211db98e869df76230a137c4c40a12d72445c45d5f5b716f076e2fd"},
]

[package.extras]
dev = ["cloudpickle", "coverage[toml] (>=5.0.2)", "furo", "hypothesis", "mypy", "pre-commit", "pympler", "pytest (>=4.3.0)", "pytest-mypy-plugins", "six", "sphinx", "sphinx-notfound-page", "zope.interface"]
docs = ["furo", "sphinx", "sphinx-notfound-page", "zope.interface"]
tests = ["cloudpickle", "coverage[toml] (>=5.0.2)", "hypothesis", "mypy", "pympler", "pytest (>=4.3.0)", "pytest-mypy-plugins", "six", "zope.interface"]
tests-no-zope = ["cloudpickle", "coverage[toml] (>=5.0.2)", "hypothesis", "mypy", "pympler", "pytest (>=4.3.0)", "pytest-mypy-plugins", "six"]

[[package]]
name = "certifi"
version = "2021.10.8"
description = "Python package for providing Mozilla's CA Bundle."
optional = false
python-versions = "*"
files = [
    {file = "certifi-2021.10.8-py2.py3-none-any.whl", hash = "sha256:d62a0163eb4c2344ac042ab2bdf75399a71a2d8c7d47eac2e2ee91b9d6339569"},
    {file = "certifi-2021.10.8.tar.gz", hash = "sha256:78884e7c1d4b00ce3cea67b44566851c4343c120abd683433ce934a68ea58872"},
]

[[package]]
name = "charset-normalizer"
version = "2.0.12"
description = "The Real First Universal Charset Detector. Open, modern and actively maintained alternative to Chardet."
optional = false
python-versions = ">=3.5.0"
files = [
    {file = "charset-normalizer-2.0.12.tar.gz", hash = "sha256:2857e29ff0d34db842cd7ca3230549d1a697f96ee6d3fb071cfa6c7393832597"},
    {file = "charset_normalizer-2.0.12-py3-none-any.whl", hash = "sha256:6881edbebdb17b39b4eaaa821b438bf6eddffb4468cf344f09f89def34a8b1df"},
]

[package.extras]
unicode-backport = ["unicodedata2"]

[[package]]
name = "colorama"
version = "0.4.4"
description = "Cross-platform colored terminal text."
optional = false
python-versions = ">=2.7, !=3.0.*, !=3.1.*, !=3.2.*, !=3.3.*, !=3.4.*"
files = [
    {file = "colorama-0.4.4-py2.py3-none-any.whl", hash = "sha256:9f47eda37229f68eee03b24b9748937c7dc3868f906e8ba69fbcbdd3bc5dc3e2"},
    {file = "colorama-0.4.4.tar.gz", hash = "sha256:5941b2b48a20143d2267e95b1c2a7603ce057ee39fd88e7329b0c292aa16869b"},
]

[[package]]
name = "contextvars"
version = "2.4"
description = "PEP 567 Backport"
optional = false
python-versions = "*"
files = [
    {file = "contextvars-2.4.tar.gz", hash = "sha256:f38c908aaa59c14335eeea12abea5f443646216c4e29380d7bf34d2018e2c39e"},
]

[package.dependencies]
immutables = ">=0.9"

[[package]]
name = "graphviz"
version = "0.19.1"
description = "Simple Python interface for Graphviz"
optional = false
python-versions = ">=3.6"
files = [
    {file = "graphviz-0.19.1-py3-none-any.whl", hash = "sha256:f34088c08be2ec16279dfa9c3b4ff3d1453c5c67597a33e2819b000e18d4c546"},
    {file = "graphviz-0.19.1.zip", hash = "sha256:09ed0cde452d015fe77c4845a210eb642f28d245f5bc250d4b97808cb8f49078"},
]

[package.extras]
dev = ["flake8", "pep8-naming", "tox (>=3)", "twine", "wheel"]
docs = ["sphinx (>=1.8)", "sphinx-autodoc-typehints", "sphinx-rtd-theme"]
test = ["coverage", "mock (>=4)", "pytest (>=6)", "pytest-cov", "pytest-mock (>=3)"]

[[package]]
name = "idna"
version = "3.3"
description = "Internationalized Domain Names in Applications (IDNA)"
optional = false
python-versions = ">=3.5"
files = [
    {file = "idna-3.3-py3-none-any.whl", hash = "sha256:84d9dd047ffa80596e0f246e2eab0b391788b0503584e8945f2368256d2735ff"},
    {file = "idna-3.3.tar.gz", hash = "sha256:9d643ff0a55b762d5cdb124b8eaa99c66322e2157b69160bc32796e824360e6d"},
]

[[package]]
name = "immutables"
version = "0.19"
description = "Immutable Collections"
optional = false
python-versions = ">=3.6"
files = [
    {file = "immutables-0.19-cp310-cp310-macosx_10_9_universal2.whl", hash = "sha256:fef6743f8c3098ae46d9a2a3606b04a91c62e216487d91e90ce5c7419da3f803"},
    {file = "immutables-0.19-cp310-cp310-macosx_10_9_x86_64.whl", hash = "sha256:cfb62119b7302a37cb4a1db44234dab9acda60ba93e3c28489969722e85237b7"},
    {file = "immutables-0.19-cp310-cp310-manylinux_2_17_aarch64.manylinux2014_aarch64.whl", hash = "sha256:1d55b886e92ef5abfc4b066f404d956ca5789a2f8f738d448300fba40930a631"},
    {file = "immutables-0.19-cp310-cp310-manylinux_2_5_x86_64.manylinux1_x86_64.manylinux_2_17_x86_64.manylinux2014_x86_64.whl", hash = "sha256:40f1c3ab3ae690a55a2f61039705a110f0e23717d6d8a62a84600fc7cf5934dc"},
    {file = "immutables-0.19-cp310-cp310-musllinux_1_1_aarch64.whl", hash = "sha256:f3096afb376b9b3651a3b92affd1896b4dcefde209f412572f7e3924f6749a49"},
    {file = "immutables-0.19-cp310-cp310-musllinux_1_1_x86_64.whl", hash = "sha256:85bcb5a7c33100c1b2eeb8c71e5f80acab4c9dde074b2c2ca8e3dfb6830ce813"},
    {file = "immutables-0.19-cp310-cp310-win_amd64.whl", hash = "sha256:620c166e76030ca4772ea64e5190f8347a730a0af85b743820d351f211004397"},
    {file = "immutables-0.19-cp311-cp311-macosx_10_9_universal2.whl", hash = "sha256:c1774f298db9d460e50c40dfc9cfe7dd8a0de22c22f1de9a1f9a468daa1201dc"},
    {file = "immutables-0.19-cp311-cp311-macosx_10_9_x86_64.whl", hash = "sha256:24dbdc28779a2b75e06224609f4fc850ba61b7e1b74e32ec808c6430a535be2d"},
    {file = "immutables-0.19-cp311-cp311-manylinux_2_17_aarch64.manylinux2014_aarch64.whl", hash = "sha256:9b8c0a4264e3ba2f025f4517ce67f0d0869106a625dbda08758cbf4dd6b6dd1f"},
    {file = "immutables-0.19-cp311-cp311-manylinux_2_5_x86_64.manylinux1_x86_64.manylinux_2_17_x86_64.manylinux2014_x86_64.whl", hash = "sha256:28d1ee66424c2db998d27ebe0a331c7e09627e54a402848b2897cb6ef4dc4d7e"},
    {file = "immutables-0.19-cp311-cp311-musllinux_1_1_aarch64.whl", hash = "sha256:6f857aec0e0455986fd1f41234c867c3daf5a89ff7f54d493d4eb3c233d36d3c"},
    {file = "immutables-0.19-cp311-cp311-musllinux_1_1_x86_64.whl", hash = "sha256:119c60a05cb35add45c1e592e23a5cbb9db03161bb89d1596b920d9341173982"},
    {file = "immutables-0.19-cp311-cp311-win_amd64.whl", hash = "sha256:3fbad255e404b4cbcf3477b384a1e400bd8f28cbbfc2df8d3885abe3bfc7b909"},
    {file = "immutables-0.19-cp36-cp36m-macosx_10_9_x86_64.whl", hash = "sha256:6660e185354a1cb59ecc130f2b85b50d666d4417be668ce6ba83d4be79f55d34"},
    {file = "immutables-0.19-cp36-cp36m-manylinux_2_17_aarch64.manylinux2014_aarch64.whl", hash = "sha256:37de95c1d79707d95f50d0ab79e067bee52381afc967ff031ac4c822c14f43a8"},
    {file = "immutables-0.19-cp36-cp36m-manylinux_2_5_x86_64.manylinux1_x86_64.manylinux_2_17_x86_64.manylinux2014_x86_64.whl", hash = "sha256:ed61dbc963251bec7281cdb0c148176bbd70519d21fd05bce4c484632cdc3b2c"},
    {file = "immutables-0.19-cp36-cp36m-musllinux_1_1_aarch64.whl", hash = "sha256:7da9356a163993e01785a211b47c6a0038b48d1235b68479a0053c2c4c3cf666"},
    {file = "immutables-0.19-cp36-cp36m-musllinux_1_1_x86_64.whl", hash = "sha256:41d8cae52ea527f9c6dccdf1e1553106c482496acc140523034f91877ccbc103"},
    {file = "immutables-0.19-cp36-cp36m-win_amd64.whl", hash = "sha256:e95f0826f184920adb3cdf830f409f1c1d4e943e4dc50242538c4df9d51eea72"},
    {file = "immutables-0.19-cp37-cp37m-macosx_10_9_x86_64.whl", hash = "sha256:50608784e33c88da8c0e06e75f6725865cf2e345c8f3eeb83cb85111f737e986"},
    {file = "immutables-0.19-cp37-cp37m-manylinux_2_17_aarch64.manylinux2014_aarch64.whl", hash = "sha256:1cbd4d9dc531ee24b2387141a5968e923bb6174d13695e730cde0887aadda557"},
    {file = "immutables-0.19-cp37-cp37m-manylinux_2_5_x86_64.manylinux1_x86_64.manylinux_2_17_x86_64.manylinux2014_x86_64.whl", hash = "sha256:eed8988dc4ebde8d527dbe4dea68cb9fe6d43bc56df60d6015130dc4abd2ab34"},
    {file = "immutables-0.19-cp37-cp37m-musllinux_1_1_aarch64.whl", hash = "sha256:c830c9afc6fcb4a7d6d74230d6290987e664418026a15488ad00d8a3dc5ec743"},
    {file = "immutables-0.19-cp37-cp37m-musllinux_1_1_x86_64.whl", hash = "sha256:7c6cce2e87cd5369234b199037631cfed08e43813a1fdd750807d14404de195b"},
    {file = "immutables-0.19-cp37-cp37m-win_amd64.whl", hash = "sha256:10774f73af07b1648fa02f45f6ff88b3391feda65d4f640159e6eeec10540ece"},
    {file = "immutables-0.19-cp38-cp38-macosx_10_9_universal2.whl", hash = "sha256:a208a945ea817b1455b5b0f9c33c097baf6443b50d749a3dc32ff445e41b81d2"},
    {file = "immutables-0.19-cp38-cp38-macosx_10_9_x86_64.whl", hash = "sha256:25a6225efb5e96fc95d84b2d280e35d8a82a1ae72a12857177d48cc289ac1e03"},
    {file = "immutables-0.19-cp38-cp38-manylinux_2_17_aarch64.manylinux2014_aarch64.whl", hash = "sha256:5c0cf0d94b08e58896acf250cbc4682499c8a256fc6d0ee5c63d76a759a6a228"},
    {file = "immutables-0.19-cp38-cp38-manylinux_2_5_x86_64.manylinux1_x86_64.manylinux_2_17_x86_64.manylinux2014_x86_64.whl", hash = "sha256:64c74c5171f3a97b178b880746743a07b08e7d7f6055370bf04a94d50aea0643"},
    {file = "immutables-0.19-cp38-cp38-musllinux_1_1_aarch64.whl", hash = "sha256:8ababf72ed2a956b28f151d605a7bb1d4e1c59113f53bf2be4a586da3977b319"},
    {file = "immutables-0.19-cp38-cp38-musllinux_1_1_x86_64.whl", hash = "sha256:52a91917c65e6b9cfef7a2d2c3b0e00432a153aa8650785b7ee0897d80226278"},
    {file = "immutables-0.19-cp38-cp38-win_amd64.whl", hash = "sha256:bbe65c23779e12e0ecc3dec2c709ad22b7cc8b163895327bc173ae06a8b73425"},
    {file = "immutables-0.19-cp39-cp39-macosx_10_9_universal2.whl", hash = "sha256:480cc5d62efcac66f9737ae0820acd39d39e516e6fdbcf46cbdc26f11b429fd7"},
    {file = "immutables-0.19-cp39-cp39-macosx_10_9_x86_64.whl", hash = "sha256:2d88ff44e131508def4740964076c3da273baeeb406c1fe139f18373ea4196dd"},
    {file = "immutables-0.19-cp39-cp39-manylinux_2_17_aarch64.manylinux2014_aarch64.whl", hash = "sha256:7fa3148393101b0c4571da523929ae90a5b4bfc933c270a11b802a34a921c608"},
    {file = "immutables-0.19-cp39-cp39-manylinux_2_5_x86_64.manylinux1_x86_64.manylinux_2_17_x86_64.manylinux2014_x86_64.whl", hash = "sha256:0575190a90c3fce6862ccdb09be3344741ff97a96e559893541886d372139f1c"},
    {file = "immutables-0.19-cp39-cp39-musllinux_1_1_aarch64.whl", hash = "sha256:3754b26ef18b5d1009ffdeafc17fbd877a79f0a126e1423069bd8ef51c54302d"},
    {file = "immutables-0.19-cp39-cp39-musllinux_1_1_x86_64.whl", hash = "sha256:648142e16d49f5207ae52ee1b28dfa148206471967b9c9eaa5a9592fd32d5cef"},
    {file = "immutables-0.19-cp39-cp39-win_amd64.whl", hash = "sha256:199db9070ffa1a037e6650ddd63159907a210e4998f932bdf50e70615629db0c"},
    {file = "immutables-0.19.tar.gz", hash = "sha256:df17942d60e8080835fcc5245aa6928ef4c1ed567570ec019185798195048dcf"},
]

[package.dependencies]
typing-extensions = {version = ">=3.7.4.3", markers = "python_version < \"3.8\""}

[package.extras]
test = ["flake8 (>=5.0.4,<5.1.0)", "mypy (==0.971)", "pycodestyle (>=2.9.1,<2.10.0)", "pytest (>=6.2.4,<6.3.0)"]

[[package]]
name = "importlib-metadata"
version = "4.11.2"
description = "Read metadata from Python packages"
optional = false
python-versions = ">=3.7"
files = [
    {file = "importlib_metadata-4.11.2-py3-none-any.whl", hash = "sha256:d16e8c1deb60de41b8e8ed21c1a7b947b0bc62fab7e1d470bcdf331cea2e6735"},
    {file = "importlib_metadata-4.11.2.tar.gz", hash = "sha256:b36ffa925fe3139b2f6ff11d6925ffd4fa7bc47870165e3ac260ac7b4f91e6ac"},
]

[package.dependencies]
typing-extensions = {version = ">=3.6.4", markers = "python_version < \"3.8\""}
zipp = ">=0.5"

[package.extras]
docs = ["jaraco.packaging (>=9)", "rst.linker (>=1.9)", "sphinx"]
perf = ["ipython"]
testing = ["flufl.flake8", "importlib-resources (>=1.3)", "packaging", "pyfakefs", "pytest (>=6)", "pytest-black (>=0.3.7)", "pytest-checkdocs (>=2.4)", "pytest-cov", "pytest-enabler (>=1.0.1)", "pytest-flake8", "pytest-mypy (>=0.9.1)", "pytest-perf (>=0.9.2)"]

[[package]]
name = "iniconfig"
version = "1.1.1"
description = "iniconfig: brain-dead simple config-ini parsing"
optional = false
python-versions = "*"
files = [
    {file = "iniconfig-1.1.1-py2.py3-none-any.whl", hash = "sha256:011e24c64b7f47f6ebd835bb12a743f2fbe9a26d4cecaa7f53bc4f35ee9da8b3"},
    {file = "iniconfig-1.1.1.tar.gz", hash = "sha256:bc3af051d7d14b2ee5ef9969666def0cd1a000e121eaea580d4a313df4b37f32"},
]

[[package]]
name = "networkx"
version = "2.6.3"
description = "Python package for creating and manipulating graphs and networks"
optional = false
python-versions = ">=3.7"
files = [
    {file = "networkx-2.6.3-py3-none-any.whl", hash = "sha256:80b6b89c77d1dfb64a4c7854981b60aeea6360ac02c6d4e4913319e0a313abef"},
    {file = "networkx-2.6.3.tar.gz", hash = "sha256:c0946ed31d71f1b732b5aaa6da5a0388a345019af232ce2f49c766e2d6795c51"},
]

[package.extras]
default = ["matplotlib (>=3.3)", "numpy (>=1.19)", "pandas (>=1.1)", "scipy (>=1.5,!=1.6.1)"]
developer = ["black (==21.5b1)", "pre-commit (>=2.12)"]
doc = ["nb2plots (>=0.6)", "numpydoc (>=1.1)", "pillow (>=8.2)", "pydata-sphinx-theme (>=0.6,<1.0)", "sphinx (>=4.0,<5.0)", "sphinx-gallery (>=0.9,<1.0)", "texext (>=0.6.6)"]
extra = ["lxml (>=4.5)", "pydot (>=1.4.1)", "pygraphviz (>=1.7)"]
test = ["codecov (>=2.1)", "pytest (>=6.2)", "pytest-cov (>=2.12)"]

[[package]]
name = "packaging"
version = "21.3"
description = "Core utilities for Python packages"
optional = false
python-versions = ">=3.6"
files = [
    {file = "packaging-21.3-py3-none-any.whl", hash = "sha256:ef103e05f519cdc783ae24ea4e2e0f508a9c99b2d4969652eed6a2e1ea5bd522"},
    {file = "packaging-21.3.tar.gz", hash = "sha256:dd47c42927d89ab911e606518907cc2d3a1f38bbd026385970643f9c5b8ecfeb"},
]

[package.dependencies]
pyparsing = ">=2.0.2,<3.0.5 || >3.0.5"

[[package]]
name = "pluggy"
version = "1.0.0"
description = "plugin and hook calling mechanisms for python"
optional = false
python-versions = ">=3.6"
files = [
    {file = "pluggy-1.0.0-py2.py3-none-any.whl", hash = "sha256:74134bbf457f031a36d68416e1509f34bd5ccc019f0bcc952c7b909d06b37bd3"},
    {file = "pluggy-1.0.0.tar.gz", hash = "sha256:4224373bacce55f955a878bf9cfa763c1e360858e330072059e10bad68531159"},
]

[package.dependencies]
importlib-metadata = {version = ">=0.12", markers = "python_version < \"3.8\""}

[package.extras]
dev = ["pre-commit", "tox"]
testing = ["pytest", "pytest-benchmark"]

[[package]]
name = "py"
version = "1.11.0"
description = "library with cross-python path, ini-parsing, io, code, log facilities"
optional = false
python-versions = ">=2.7, !=3.0.*, !=3.1.*, !=3.2.*, !=3.3.*, !=3.4.*"
files = [
    {file = "py-1.11.0-py2.py3-none-any.whl", hash = "sha256:607c53218732647dff4acdfcd50cb62615cedf612e72d1724fb1a0cc6405b378"},
    {file = "py-1.11.0.tar.gz", hash = "sha256:51c75c4126074b472f746a24399ad32f6053d1b34b68d2fa41e558e6f4a98719"},
]

[[package]]
name = "pydantic"
version = "1.10.13"
description = "Data validation and settings management using python type hints"
optional = false
python-versions = ">=3.7"
files = [
    {file = "pydantic-1.10.13-cp310-cp310-macosx_10_9_x86_64.whl", hash = "sha256:efff03cc7a4f29d9009d1c96ceb1e7a70a65cfe86e89d34e4a5f2ab1e5693737"},
    {file = "pydantic-1.10.13-cp310-cp310-macosx_11_0_arm64.whl", hash = "sha256:3ecea2b9d80e5333303eeb77e180b90e95eea8f765d08c3d278cd56b00345d01"},
    {file = "pydantic-1.10.13-cp310-cp310-manylinux_2_17_x86_64.manylinux2014_x86_64.whl", hash = "sha256:1740068fd8e2ef6eb27a20e5651df000978edce6da6803c2bef0bc74540f9548"},
    {file = "pydantic-1.10.13-cp310-cp310-manylinux_2_5_i686.manylinux1_i686.manylinux_2_17_i686.manylinux2014_i686.whl", hash = "sha256:84bafe2e60b5e78bc64a2941b4c071a4b7404c5c907f5f5a99b0139781e69ed8"},
    {file = "pydantic-1.10.13-cp310-cp310-musllinux_1_1_i686.whl", hash = "sha256:bc0898c12f8e9c97f6cd44c0ed70d55749eaf783716896960b4ecce2edfd2d69"},
    {file = "pydantic-1.10.13-cp310-cp310-musllinux_1_1_x86_64.whl", hash = "sha256:654db58ae399fe6434e55325a2c3e959836bd17a6f6a0b6ca8107ea0571d2e17"},
    {file = "pydantic-1.10.13-cp310-cp310-win_amd64.whl", hash = "sha256:75ac15385a3534d887a99c713aa3da88a30fbd6204a5cd0dc4dab3d770b9bd2f"},
    {file = "pydantic-1.10.13-cp311-cp311-macosx_10_9_x86_64.whl", hash = "sha256:c553f6a156deb868ba38a23cf0df886c63492e9257f60a79c0fd8e7173537653"},
    {file = "pydantic-1.10.13-cp311-cp311-macosx_11_0_arm64.whl", hash = "sha256:5e08865bc6464df8c7d61439ef4439829e3ab62ab1669cddea8dd00cd74b9ffe"},
    {file = "pydantic-1.10.13-cp311-cp311-manylinux_2_17_x86_64.manylinux2014_x86_64.whl", hash = "sha256:e31647d85a2013d926ce60b84f9dd5300d44535a9941fe825dc349ae1f760df9"},
    {file = "pydantic-1.10.13-cp311-cp311-manylinux_2_5_i686.manylinux1_i686.manylinux_2_17_i686.manylinux2014_i686.whl", hash = "sha256:210ce042e8f6f7c01168b2d84d4c9eb2b009fe7bf572c2266e235edf14bacd80"},
    {file = "pydantic-1.10.13-cp311-cp311-musllinux_1_1_i686.whl", hash = "sha256:8ae5dd6b721459bfa30805f4c25880e0dd78fc5b5879f9f7a692196ddcb5a580"},
    {file = "pydantic-1.10.13-cp311-cp311-musllinux_1_1_x86_64.whl", hash = "sha256:f8e81fc5fb17dae698f52bdd1c4f18b6ca674d7068242b2aff075f588301bbb0"},
    {file = "pydantic-1.10.13-cp311-cp311-win_amd64.whl", hash = "sha256:61d9dce220447fb74f45e73d7ff3b530e25db30192ad8d425166d43c5deb6df0"},
    {file = "pydantic-1.10.13-cp37-cp37m-macosx_10_9_x86_64.whl", hash = "sha256:4b03e42ec20286f052490423682016fd80fda830d8e4119f8ab13ec7464c0132"},
    {file = "pydantic-1.10.13-cp37-cp37m-manylinux_2_17_x86_64.manylinux2014_x86_64.whl", hash = "sha256:f59ef915cac80275245824e9d771ee939133be38215555e9dc90c6cb148aaeb5"},
    {file = "pydantic-1.10.13-cp37-cp37m-manylinux_2_5_i686.manylinux1_i686.manylinux_2_17_i686.manylinux2014_i686.whl", hash = "sha256:5a1f9f747851338933942db7af7b6ee8268568ef2ed86c4185c6ef4402e80ba8"},
    {file = "pydantic-1.10.13-cp37-cp37m-musllinux_1_1_i686.whl", hash = "sha256:97cce3ae7341f7620a0ba5ef6cf043975cd9d2b81f3aa5f4ea37928269bc1b87"},
    {file = "pydantic-1.10.13-cp37-cp37m-musllinux_1_1_x86_64.whl", hash = "sha256:854223752ba81e3abf663d685f105c64150873cc6f5d0c01d3e3220bcff7d36f"},
    {file = "pydantic-1.10.13-cp37-cp37m-win_amd64.whl", hash = "sha256:b97c1fac8c49be29486df85968682b0afa77e1b809aff74b83081cc115e52f33"},
    {file = "pydantic-1.10.13-cp38-cp38-macosx_10_9_x86_64.whl", hash = "sha256:c958d053453a1c4b1c2062b05cd42d9d5c8eb67537b8d5a7e3c3032943ecd261"},
    {file = "pydantic-1.10.13-cp38-cp38-macosx_11_0_arm64.whl", hash = "sha256:4c5370a7edaac06daee3af1c8b1192e305bc102abcbf2a92374b5bc793818599"},
    {file = "pydantic-1.10.13-cp38-cp38-manylinux_2_17_x86_64.manylinux2014_x86_64.whl", hash = "sha256:7d6f6e7305244bddb4414ba7094ce910560c907bdfa3501e9db1a7fd7eaea127"},
    {file = "pydantic-1.10.13-cp38-cp38-manylinux_2_5_i686.manylinux1_i686.manylinux_2_17_i686.manylinux2014_i686.whl", hash = "sha256:d3a3c792a58e1622667a2837512099eac62490cdfd63bd407993aaf200a4cf1f"},
    {file = "pydantic-1.10.13-cp38-cp38-musllinux_1_1_i686.whl", hash = "sha256:c636925f38b8db208e09d344c7aa4f29a86bb9947495dd6b6d376ad10334fb78"},
    {file = "pydantic-1.10.13-cp38-cp38-musllinux_1_1_x86_64.whl", hash = "sha256:678bcf5591b63cc917100dc50ab6caebe597ac67e8c9ccb75e698f66038ea953"},
    {file = "pydantic-1.10.13-cp38-cp38-win_amd64.whl", hash = "sha256:6cf25c1a65c27923a17b3da28a0bdb99f62ee04230c931d83e888012851f4e7f"},
    {file = "pydantic-1.10.13-cp39-cp39-macosx_10_9_x86_64.whl", hash = "sha256:8ef467901d7a41fa0ca6db9ae3ec0021e3f657ce2c208e98cd511f3161c762c6"},
    {file = "pydantic-1.10.13-cp39-cp39-macosx_11_0_arm64.whl", hash = "sha256:968ac42970f57b8344ee08837b62f6ee6f53c33f603547a55571c954a4225691"},
    {file = "pydantic-1.10.13-cp39-cp39-manylinux_2_17_x86_64.manylinux2014_x86_64.whl", hash = "sha256:9849f031cf8a2f0a928fe885e5a04b08006d6d41876b8bbd2fc68a18f9f2e3fd"},
    {file = "pydantic-1.10.13-cp39-cp39-manylinux_2_5_i686.manylinux1_i686.manylinux_2_17_i686.manylinux2014_i686.whl", hash = "sha256:56e3ff861c3b9c6857579de282ce8baabf443f42ffba355bf070770ed63e11e1"},
    {file = "pydantic-1.10.13-cp39-cp39-musllinux_1_1_i686.whl", hash = "sha256:9f00790179497767aae6bcdc36355792c79e7bbb20b145ff449700eb076c5f96"},
    {file = "pydantic-1.10.13-cp39-cp39-musllinux_1_1_x86_64.whl", hash = "sha256:75b297827b59bc229cac1a23a2f7a4ac0031068e5be0ce385be1462e7e17a35d"},
    {file = "pydantic-1.10.13-cp39-cp39-win_amd64.whl", hash = "sha256:e70ca129d2053fb8b728ee7d1af8e553a928d7e301a311094b8a0501adc8763d"},
    {file = "pydantic-1.10.13-py3-none-any.whl", hash = "sha256:b87326822e71bd5f313e7d3bfdc77ac3247035ac10b0c0618bd99dcf95b1e687"},
    {file = "pydantic-1.10.13.tar.gz", hash = "sha256:32c8b48dcd3b2ac4e78b0ba4af3a2c2eb6048cb75202f0ea7b34feb740efc340"},
]

[package.dependencies]
typing-extensions = ">=4.2.0"

[package.extras]
dotenv = ["python-dotenv (>=0.10.4)"]
email = ["email-validator (>=1.0.3)"]

[[package]]
name = "pydot"
version = "1.4.2"
description = "Python interface to Graphviz's Dot"
optional = false
python-versions = ">=2.7, !=3.0.*, !=3.1.*, !=3.2.*, !=3.3.*"
files = [
    {file = "pydot-1.4.2-py2.py3-none-any.whl", hash = "sha256:66c98190c65b8d2e2382a441b4c0edfdb4f4c025ef9cb9874de478fb0793a451"},
    {file = "pydot-1.4.2.tar.gz", hash = "sha256:248081a39bcb56784deb018977e428605c1c758f10897a339fce1dd728ff007d"},
]

[package.dependencies]
pyparsing = ">=2.1.4"

[[package]]
name = "pyparsing"
version = "3.0.7"
description = "Python parsing module"
optional = false
python-versions = ">=3.6"
files = [
    {file = "pyparsing-3.0.7-py3-none-any.whl", hash = "sha256:a6c06a88f252e6c322f65faf8f418b16213b51bdfaece0524c1c1bc30c63c484"},
    {file = "pyparsing-3.0.7.tar.gz", hash = "sha256:18ee9022775d270c55187733956460083db60b37d0d0fb357445f3094eed3eea"},
]

[package.extras]
diagrams = ["jinja2", "railroad-diagrams"]

[[package]]
name = "pytest"
version = "6.2.5"
description = "pytest: simple powerful testing with Python"
optional = false
python-versions = ">=3.6"
files = [
    {file = "pytest-6.2.5-py3-none-any.whl", hash = "sha256:7310f8d27bc79ced999e760ca304d69f6ba6c6649c0b60fb0e04a4a77cacc134"},
    {file = "pytest-6.2.5.tar.gz", hash = "sha256:131b36680866a76e6781d13f101efb86cf674ebb9762eb70d3082b6f29889e89"},
]

[package.dependencies]
atomicwrites = {version = ">=1.0", markers = "sys_platform == \"win32\""}
attrs = ">=19.2.0"
colorama = {version = "*", markers = "sys_platform == \"win32\""}
importlib-metadata = {version = ">=0.12", markers = "python_version < \"3.8\""}
iniconfig = "*"
packaging = "*"
pluggy = ">=0.12,<2.0"
py = ">=1.8.2"
toml = "*"

[package.extras]
testing = ["argcomplete", "hypothesis (>=3.56)", "mock", "nose", "requests", "xmlschema"]

[[package]]
name = "pyyaml"
version = "6.0"
description = "YAML parser and emitter for Python"
optional = false
python-versions = ">=3.6"
files = [
    {file = "PyYAML-6.0-cp310-cp310-macosx_10_9_x86_64.whl", hash = "sha256:d4db7c7aef085872ef65a8fd7d6d09a14ae91f691dec3e87ee5ee0539d516f53"},
    {file = "PyYAML-6.0-cp310-cp310-macosx_11_0_arm64.whl", hash = "sha256:9df7ed3b3d2e0ecfe09e14741b857df43adb5a3ddadc919a2d94fbdf78fea53c"},
    {file = "PyYAML-6.0-cp310-cp310-manylinux_2_17_aarch64.manylinux2014_aarch64.whl", hash = "sha256:77f396e6ef4c73fdc33a9157446466f1cff553d979bd00ecb64385760c6babdc"},
    {file = "PyYAML-6.0-cp310-cp310-manylinux_2_17_s390x.manylinux2014_s390x.whl", hash = "sha256:a80a78046a72361de73f8f395f1f1e49f956c6be882eed58505a15f3e430962b"},
    {file = "PyYAML-6.0-cp310-cp310-manylinux_2_5_x86_64.manylinux1_x86_64.manylinux_2_12_x86_64.manylinux2010_x86_64.whl", hash = "sha256:f84fbc98b019fef2ee9a1cb3ce93e3187a6df0b2538a651bfb890254ba9f90b5"},
    {file = "PyYAML-6.0-cp310-cp310-win32.whl", hash = "sha256:2cd5df3de48857ed0544b34e2d40e9fac445930039f3cfe4bcc592a1f836d513"},
    {file = "PyYAML-6.0-cp310-cp310-win_amd64.whl", hash = "sha256:daf496c58a8c52083df09b80c860005194014c3698698d1a57cbcfa182142a3a"},
    {file = "PyYAML-6.0-cp311-cp311-macosx_10_9_x86_64.whl", hash = "sha256:d4b0ba9512519522b118090257be113b9468d804b19d63c71dbcf4a48fa32358"},
    {file = "PyYAML-6.0-cp311-cp311-macosx_11_0_arm64.whl", hash = "sha256:81957921f441d50af23654aa6c5e5eaf9b06aba7f0a19c18a538dc7ef291c5a1"},
    {file = "PyYAML-6.0-cp311-cp311-manylinux_2_17_aarch64.manylinux2014_aarch64.whl", hash = "sha256:afa17f5bc4d1b10afd4466fd3a44dc0e245382deca5b3c353d8b757f9e3ecb8d"},
    {file = "PyYAML-6.0-cp311-cp311-manylinux_2_17_s390x.manylinux2014_s390x.whl", hash = "sha256:dbad0e9d368bb989f4515da330b88a057617d16b6a8245084f1b05400f24609f"},
    {file = "PyYAML-6.0-cp311-cp311-manylinux_2_17_x86_64.manylinux2014_x86_64.whl", hash = "sha256:432557aa2c09802be39460360ddffd48156e30721f5e8d917f01d31694216782"},
    {file = "PyYAML-6.0-cp311-cp311-win32.whl", hash = "sha256:bfaef573a63ba8923503d27530362590ff4f576c626d86a9fed95822a8255fd7"},
    {file = "PyYAML-6.0-cp311-cp311-win_amd64.whl", hash = "sha256:01b45c0191e6d66c470b6cf1b9531a771a83c1c4208272ead47a3ae4f2f603bf"},
    {file = "PyYAML-6.0-cp36-cp36m-macosx_10_9_x86_64.whl", hash = "sha256:897b80890765f037df3403d22bab41627ca8811ae55e9a722fd0392850ec4d86"},
    {file = "PyYAML-6.0-cp36-cp36m-manylinux_2_17_aarch64.manylinux2014_aarch64.whl", hash = "sha256:50602afada6d6cbfad699b0c7bb50d5ccffa7e46a3d738092afddc1f9758427f"},
    {file = "PyYAML-6.0-cp36-cp36m-manylinux_2_17_s390x.manylinux2014_s390x.whl", hash = "sha256:48c346915c114f5fdb3ead70312bd042a953a8ce5c7106d5bfb1a5254e47da92"},
    {file = "PyYAML-6.0-cp36-cp36m-manylinux_2_5_x86_64.manylinux1_x86_64.manylinux_2_12_x86_64.manylinux2010_x86_64.whl", hash = "sha256:98c4d36e99714e55cfbaaee6dd5badbc9a1ec339ebfc3b1f52e293aee6bb71a4"},
    {file = "PyYAML-6.0-cp36-cp36m-win32.whl", hash = "sha256:0283c35a6a9fbf047493e3a0ce8d79ef5030852c51e9d911a27badfde0605293"},
    {file = "PyYAML-6.0-cp36-cp36m-win_amd64.whl", hash = "sha256:07751360502caac1c067a8132d150cf3d61339af5691fe9e87803040dbc5db57"},
    {file = "PyYAML-6.0-cp37-cp37m-macosx_10_9_x86_64.whl", hash = "sha256:819b3830a1543db06c4d4b865e70ded25be52a2e0631ccd2f6a47a2822f2fd7c"},
    {file = "PyYAML-6.0-cp37-cp37m-manylinux_2_17_aarch64.manylinux2014_aarch64.whl", hash = "sha256:473f9edb243cb1935ab5a084eb238d842fb8f404ed2193a915d1784b5a6b5fc0"},
    {file = "PyYAML-6.0-cp37-cp37m-manylinux_2_17_s390x.manylinux2014_s390x.whl", hash = "sha256:0ce82d761c532fe4ec3f87fc45688bdd3a4c1dc5e0b4a19814b9009a29baefd4"},
    {file = "PyYAML-6.0-cp37-cp37m-manylinux_2_5_x86_64.manylinux1_x86_64.manylinux_2_12_x86_64.manylinux2010_x86_64.whl", hash = "sha256:231710d57adfd809ef5d34183b8ed1eeae3f76459c18fb4a0b373ad56bedcdd9"},
    {file = "PyYAML-6.0-cp37-cp37m-win32.whl", hash = "sha256:c5687b8d43cf58545ade1fe3e055f70eac7a5a1a0bf42824308d868289a95737"},
    {file = "PyYAML-6.0-cp37-cp37m-win_amd64.whl", hash = "sha256:d15a181d1ecd0d4270dc32edb46f7cb7733c7c508857278d3d378d14d606db2d"},
    {file = "PyYAML-6.0-cp38-cp38-macosx_10_9_x86_64.whl", hash = "sha256:0b4624f379dab24d3725ffde76559cff63d9ec94e1736b556dacdfebe5ab6d4b"},
    {file = "PyYAML-6.0-cp38-cp38-manylinux_2_17_aarch64.manylinux2014_aarch64.whl", hash = "sha256:213c60cd50106436cc818accf5baa1aba61c0189ff610f64f4a3e8c6726218ba"},
    {file = "PyYAML-6.0-cp38-cp38-manylinux_2_17_s390x.manylinux2014_s390x.whl", hash = "sha256:9fa600030013c4de8165339db93d182b9431076eb98eb40ee068700c9c813e34"},
    {file = "PyYAML-6.0-cp38-cp38-manylinux_2_5_x86_64.manylinux1_x86_64.manylinux_2_12_x86_64.manylinux2010_x86_64.whl", hash = "sha256:277a0ef2981ca40581a47093e9e2d13b3f1fbbeffae064c1d21bfceba2030287"},
    {file = "PyYAML-6.0-cp38-cp38-win32.whl", hash = "sha256:d4eccecf9adf6fbcc6861a38015c2a64f38b9d94838ac1810a9023a0609e1b78"},
    {file = "PyYAML-6.0-cp38-cp38-win_amd64.whl", hash = "sha256:1e4747bc279b4f613a09eb64bba2ba602d8a6664c6ce6396a4d0cd413a50ce07"},
    {file = "PyYAML-6.0-cp39-cp39-macosx_10_9_x86_64.whl", hash = "sha256:055d937d65826939cb044fc8c9b08889e8c743fdc6a32b33e2390f66013e449b"},
    {file = "PyYAML-6.0-cp39-cp39-macosx_11_0_arm64.whl", hash = "sha256:e61ceaab6f49fb8bdfaa0f92c4b57bcfbea54c09277b1b4f7ac376bfb7a7c174"},
    {file = "PyYAML-6.0-cp39-cp39-manylinux_2_17_aarch64.manylinux2014_aarch64.whl", hash = "sha256:d67d839ede4ed1b28a4e8909735fc992a923cdb84e618544973d7dfc71540803"},
    {file = "PyYAML-6.0-cp39-cp39-manylinux_2_17_s390x.manylinux2014_s390x.whl", hash = "sha256:cba8c411ef271aa037d7357a2bc8f9ee8b58b9965831d9e51baf703280dc73d3"},
    {file = "PyYAML-6.0-cp39-cp39-manylinux_2_5_x86_64.manylinux1_x86_64.manylinux_2_12_x86_64.manylinux2010_x86_64.whl", hash = "sha256:40527857252b61eacd1d9af500c3337ba8deb8fc298940291486c465c8b46ec0"},
    {file = "PyYAML-6.0-cp39-cp39-win32.whl", hash = "sha256:b5b9eccad747aabaaffbc6064800670f0c297e52c12754eb1d976c57e4f74dcb"},
    {file = "PyYAML-6.0-cp39-cp39-win_amd64.whl", hash = "sha256:b3d267842bf12586ba6c734f89d1f5b871df0273157918b0ccefa29deb05c21c"},
    {file = "PyYAML-6.0.tar.gz", hash = "sha256:68fb519c14306fec9720a2a5b45bc9f0c8d1b9c72adf45c37baedfcd949c35a2"},
]

[[package]]
name = "requests"
version = "2.27.1"
description = "Python HTTP for Humans."
optional = false
python-versions = ">=2.7, !=3.0.*, !=3.1.*, !=3.2.*, !=3.3.*, !=3.4.*, !=3.5.*"
files = [
    {file = "requests-2.27.1-py2.py3-none-any.whl", hash = "sha256:f22fa1e554c9ddfd16e6e41ac79759e17be9e492b3587efa038054674760e72d"},
    {file = "requests-2.27.1.tar.gz", hash = "sha256:68d7c56fd5a8999887728ef304a6d12edc7be74f1cfa47714fc8b414525c9a61"},
]

[package.dependencies]
certifi = ">=2017.4.17"
charset-normalizer = {version = ">=2.0.0,<2.1.0", markers = "python_version >= \"3\""}
idna = {version = ">=2.5,<4", markers = "python_version >= \"3\""}
urllib3 = ">=1.21.1,<1.27"

[package.extras]
socks = ["PySocks (>=1.5.6,!=1.5.7)", "win-inet-pton"]
use-chardet-on-py3 = ["chardet (>=3.0.2,<5)"]

[[package]]
name = "shortuuid"
version = "1.0.8"
description = "A generator library for concise, unambiguous and URL-safe UUIDs."
optional = false
python-versions = ">=3.5"
files = [
    {file = "shortuuid-1.0.8-py3-none-any.whl", hash = "sha256:44a7a86bcf24dbaba2e626cf80c779926b7c3a0d31a3a013e0d3cd1077707d23"},
    {file = "shortuuid-1.0.8.tar.gz", hash = "sha256:9435e87e5a64f3b92f7110c81f989a3b7bdb9358e22d2359829167da476cfc23"},
]

[[package]]
name = "toml"
version = "0.10.2"
description = "Python Library for Tom's Obvious, Minimal Language"
optional = false
python-versions = ">=2.6, !=3.0.*, !=3.1.*, !=3.2.*"
files = [
    {file = "toml-0.10.2-py2.py3-none-any.whl", hash = "sha256:806143ae5bfb6a3c6e736a764057db0e6a0e05e338b5630894a5f779cabb4f9b"},
    {file = "toml-0.10.2.tar.gz", hash = "sha256:b3bda1d108d5dd99f4a20d24d9c348e91c4db7ab1b749200bded2f839ccbe68f"},
]

[[package]]
name = "typing-extensions"
version = "4.7.1"
description = "Backported and Experimental Type Hints for Python 3.7+"
optional = false
python-versions = ">=3.7"
files = [
    {file = "typing_extensions-4.7.1-py3-none-any.whl", hash = "sha256:440d5dd3af93b060174bf433bccd69b0babc3b15b1a8dca43789fd7f61514b36"},
    {file = "typing_extensions-4.7.1.tar.gz", hash = "sha256:b75ddc264f0ba5615db7ba217daeb99701ad295353c45f9e95963337ceeeffb2"},
]

[[package]]
name = "urllib3"
version = "1.26.8"
description = "HTTP library with thread-safe connection pooling, file post, and more."
optional = false
python-versions = ">=2.7, !=3.0.*, !=3.1.*, !=3.2.*, !=3.3.*, !=3.4.*, <4"
files = [
    {file = "urllib3-1.26.8-py2.py3-none-any.whl", hash = "sha256:000ca7f471a233c2251c6c7023ee85305721bfdf18621ebff4fd17a8653427ed"},
    {file = "urllib3-1.26.8.tar.gz", hash = "sha256:0e7c33d9a63e7ddfcb86780aac87befc2fbddf46c58dbb487e0855f7ceec283c"},
]

[package.extras]
brotli = ["brotlipy (>=0.6.0)"]
secure = ["certifi", "cryptography (>=1.3.4)", "idna (>=2.0.0)", "ipaddress", "pyOpenSSL (>=0.14)"]
socks = ["PySocks (>=1.5.6,!=1.5.7,<2.0)"]

[[package]]
name = "zipp"
version = "3.7.0"
description = "Backport of pathlib-compatible object wrapper for zip files"
optional = false
python-versions = ">=3.7"
files = [
    {file = "zipp-3.7.0-py3-none-any.whl", hash = "sha256:b47250dd24f92b7dd6a0a8fc5244da14608f3ca90a5efcd37a3b1642fac9a375"},
    {file = "zipp-3.7.0.tar.gz", hash = "sha256:9f50f446828eb9d45b267433fd3e9da8d801f614129124863f9c51ebceafb87d"},
]

[package.extras]
docs = ["jaraco.packaging (>=8.2)", "rst.linker (>=1.9)", "sphinx"]
testing = ["func-timeout", "jaraco.itertools", "pytest (>=6)", "pytest-black (>=0.3.7)", "pytest-checkdocs (>=2.4)", "pytest-cov", "pytest-enabler (>=1.0.1)", "pytest-flake8", "pytest-mypy"]

[metadata]
lock-version = "2.0"
python-versions = ">=3.7,<4.0"
content-hash = "273d3e5e2870d68ef1c80a0372f5fcf14cd638ff95975f30ba973f1b2856c6c6"
